// !$*UTF8*$!
{
	archiveVersion = 1;
	classes = {
	};
	objectVersion = 77;
	objects = {

/* Begin PBXBuildFile section */
		FE19440B2E4778B300787614 /* AppDelegate.swift in Sources */ = {isa = PBXBuildFile; fileRef = FE1944022E4778B300787614 /* AppDelegate.swift */; };
		FE19440C2E4778B300787614 /* SceneDelegate.swift in Sources */ = {isa = PBXBuildFile; fileRef = FE1944072E4778B300787614 /* SceneDelegate.swift */; };
		FE19440E2E4778B300787614 /* Assets.xcassets in Resources */ = {isa = PBXBuildFile; fileRef = FE1944032E4778B300787614 /* Assets.xcassets */; };
		FE1944102E4778B300787614 /* LaunchScreen.storyboard in Resources */ = {isa = PBXBuildFile; fileRef = FE1944052E4778B300787614 /* LaunchScreen.storyboard */; };
		FE1944112E4778B300787614 /* Main.storyboard in Resources */ = {isa = PBXBuildFile; fileRef = FE1944062E4778B300787614 /* Main.storyboard */; };
		FE24447C2EA8BA9E00760F44 /* WebViewPresenter.swift in Sources */ = {isa = PBXBuildFile; fileRef = FE24447B2EA8BA8C00760F44 /* WebViewPresenter.swift */; };
		FE2444822EA8D75000760F44 /* AuthHelper.swift in Sources */ = {isa = PBXBuildFile; fileRef = FE2444812EA8D74300760F44 /* AuthHelper.swift */; };
		FE2444A22EA8F7DF00760F44 /* ProfilePresenter.swift in Sources */ = {isa = PBXBuildFile; fileRef = FE2444A12EA8F7CE00760F44 /* ProfilePresenter.swift */; };
		FE2444A42EA8F83A00760F44 /* ProfileHelper.swift in Sources */ = {isa = PBXBuildFile; fileRef = FE2444A32EA8F82E00760F44 /* ProfileHelper.swift */; };
		FE345CB12E602C93000D9AB8 /* AuthConfiiguration.swift in Sources */ = {isa = PBXBuildFile; fileRef = FE345CB02E602C8D000D9AB8 /* AuthConfiiguration.swift */; };
		FE345CB42E60691E000D9AB8 /* AuthViewController.swift in Sources */ = {isa = PBXBuildFile; fileRef = FE345CB32E606918000D9AB8 /* AuthViewController.swift */; };
		FE345CB72E606D02000D9AB8 /* WebViewViewController.swift in Sources */ = {isa = PBXBuildFile; fileRef = FE345CB62E606CFC000D9AB8 /* WebViewViewController.swift */; };
		FE345CC12E617025000D9AB8 /* OAuth2Service.swift in Sources */ = {isa = PBXBuildFile; fileRef = FE345CC02E617020000D9AB8 /* OAuth2Service.swift */; };
		FE345CC42E61762C000D9AB8 /* URLSession+Data.swift in Sources */ = {isa = PBXBuildFile; fileRef = FE345CC32E617628000D9AB8 /* URLSession+Data.swift */; };
		FE345CC62E61780F000D9AB8 /* NetworkingError.swift in Sources */ = {isa = PBXBuildFile; fileRef = FE345CC52E6177F4000D9AB8 /* NetworkingError.swift */; };
		FE345CCD2E617C22000D9AB8 /* OAuthTokenResponseBody.swift in Sources */ = {isa = PBXBuildFile; fileRef = FE345CCC2E617C10000D9AB8 /* OAuthTokenResponseBody.swift */; };
		FE345CD02E617CEE000D9AB8 /* OAuth2TokenStorage.swift in Sources */ = {isa = PBXBuildFile; fileRef = FE345CCF2E617CDC000D9AB8 /* OAuth2TokenStorage.swift */; };
		FE345CD72E61D83A000D9AB8 /* SplashViewController.swift in Sources */ = {isa = PBXBuildFile; fileRef = FE345CD62E61D837000D9AB8 /* SplashViewController.swift */; };
		FE345CE12E656DEB000D9AB8 /* URLRequest+Method.swift in Sources */ = {isa = PBXBuildFile; fileRef = FE345CE02E656DDF000D9AB8 /* URLRequest+Method.swift */; };
		FE345E3B2E6C54A3000D9AB8 /* TabBarController.swift in Sources */ = {isa = PBXBuildFile; fileRef = FE345E3A2E6C549C000D9AB8 /* TabBarController.swift */; };
		FE345F4C2E6D6E37000D9AB8 /* NotificationExtensions.swift in Sources */ = {isa = PBXBuildFile; fileRef = FE345F4B2E6D6E17000D9AB8 /* NotificationExtensions.swift */; };
		FE34603D2E6FEB41000D9AB8 /* WebKit.framework in Frameworks */ = {isa = PBXBuildFile; fileRef = FE34603C2E6FEB41000D9AB8 /* WebKit.framework */; };
		FE4647E82E813A9A00743159 /* SwiftKeychainWrapper in Frameworks */ = {isa = PBXBuildFile; productRef = FE4647E72E813A9A00743159 /* SwiftKeychainWrapper */; };
		FE7468062E4D9E4D00718366 /* ProfileViewController.swift in Sources */ = {isa = PBXBuildFile; fileRef = FE7468052E4D9E3B00718366 /* ProfileViewController.swift */; };
		FE7468202E50BF3D00718366 /* SingleImageViewController.swift in Sources */ = {isa = PBXBuildFile; fileRef = FE74681F2E50BF3600718366 /* SingleImageViewController.swift */; };
		FE9470792E9526CC00F7A7B9 /* Photo.swift in Sources */ = {isa = PBXBuildFile; fileRef = FE9470782E9526BE00F7A7B9 /* Photo.swift */; };
		FE94707B2E95270500F7A7B9 /* ImagesListService.swift in Sources */ = {isa = PBXBuildFile; fileRef = FE94707A2E95270200F7A7B9 /* ImagesListService.swift */; };
		FEC285B02E9FA2EE009DB93D /* ProfileLogoutService.swift in Sources */ = {isa = PBXBuildFile; fileRef = FEC285AF2E9FA2E8009DB93D /* ProfileLogoutService.swift */; };
		FEC4448A2E7A58050059D780 /* UIBlockingProgresHUD.swift in Sources */ = {isa = PBXBuildFile; fileRef = FEC444892E7A57800059D780 /* UIBlockingProgresHUD.swift */; };
		FEC444902E7A73410059D780 /* ProfileService.swift in Sources */ = {isa = PBXBuildFile; fileRef = FEC4448F2E7A73320059D780 /* ProfileService.swift */; };
		FEC444972E7A962F0059D780 /* ProgressHUD in Frameworks */ = {isa = PBXBuildFile; productRef = FEC444962E7A962F0059D780 /* ProgressHUD */; };
		FEC444A12E7A98980059D780 /* ProfileImageService.swift in Sources */ = {isa = PBXBuildFile; fileRef = FEC444A02E7A988C0059D780 /* ProfileImageService.swift */; };
		FEC444A92E7C40770059D780 /* Kingfisher in Frameworks */ = {isa = PBXBuildFile; productRef = FEC444A82E7C40770059D780 /* Kingfisher */; };
/* End PBXBuildFile section */

/* Begin PBXContainerItemProxy section */
		FE24448B2EA8E02300760F44 /* PBXContainerItemProxy */ = {
			isa = PBXContainerItemProxy;
			containerPortal = FE1943B12E44F8BB00787614 /* Project object */;
			proxyType = 1;
			remoteGlobalIDString = FE1943B82E44F8BB00787614;
			remoteInfo = ImageFeed;
		};
		FE2444C52EA908F400760F44 /* PBXContainerItemProxy */ = {
			isa = PBXContainerItemProxy;
			containerPortal = FE1943B12E44F8BB00787614 /* Project object */;
			proxyType = 1;
			remoteGlobalIDString = FE1943B82E44F8BB00787614;
			remoteInfo = ImageFeed;
		};
		FE2444F92EA9E34400760F44 /* PBXContainerItemProxy */ = {
			isa = PBXContainerItemProxy;
			containerPortal = FE1943B12E44F8BB00787614 /* Project object */;
			proxyType = 1;
			remoteGlobalIDString = FE1943B82E44F8BB00787614;
			remoteInfo = ImageFeed;
		};
		FE2445402EA9F9E700760F44 /* PBXContainerItemProxy */ = {
			isa = PBXContainerItemProxy;
			containerPortal = FE1943B12E44F8BB00787614 /* Project object */;
			proxyType = 1;
			remoteGlobalIDString = FE1943B82E44F8BB00787614;
			remoteInfo = ImageFeed;
		};
		FE2445662EAB2DE000760F44 /* PBXContainerItemProxy */ = {
			isa = PBXContainerItemProxy;
			containerPortal = FE1943B12E44F8BB00787614 /* Project object */;
			proxyType = 1;
			remoteGlobalIDString = FE1943B82E44F8BB00787614;
			remoteInfo = ImageFeed;
		};
/* End PBXContainerItemProxy section */

/* Begin PBXFileReference section */
		FE1943B92E44F8BB00787614 /* ImageFeed.app */ = {isa = PBXFileReference; explicitFileType = wrapper.application; includeInIndex = 0; path = ImageFeed.app; sourceTree = BUILT_PRODUCTS_DIR; };
		FE1944022E4778B300787614 /* AppDelegate.swift */ = {isa = PBXFileReference; lastKnownFileType = sourcecode.swift; path = AppDelegate.swift; sourceTree = "<group>"; };
		FE1944032E4778B300787614 /* Assets.xcassets */ = {isa = PBXFileReference; lastKnownFileType = folder.assetcatalog; path = Assets.xcassets; sourceTree = "<group>"; };
		FE1944042E4778B300787614 /* Info.plist */ = {isa = PBXFileReference; lastKnownFileType = text.plist.xml; path = Info.plist; sourceTree = "<group>"; };
		FE1944072E4778B300787614 /* SceneDelegate.swift */ = {isa = PBXFileReference; lastKnownFileType = sourcecode.swift; path = SceneDelegate.swift; sourceTree = "<group>"; };
		FE1944092E4778B300787614 /* Base */ = {isa = PBXFileReference; lastKnownFileType = file.storyboard; name = Base; path = Base.lproj/Main.storyboard; sourceTree = "<group>"; };
		FE19440A2E4778B300787614 /* Base */ = {isa = PBXFileReference; lastKnownFileType = file.storyboard; name = Base; path = Base.lproj/LaunchScreen.storyboard; sourceTree = "<group>"; };
		FE24447B2EA8BA8C00760F44 /* WebViewPresenter.swift */ = {isa = PBXFileReference; lastKnownFileType = sourcecode.swift; path = WebViewPresenter.swift; sourceTree = "<group>"; };
		FE2444812EA8D74300760F44 /* AuthHelper.swift */ = {isa = PBXFileReference; lastKnownFileType = sourcecode.swift; path = AuthHelper.swift; sourceTree = "<group>"; };
		FE2444872EA8E02300760F44 /* ImageFeedTests.xctest */ = {isa = PBXFileReference; explicitFileType = wrapper.cfbundle; includeInIndex = 0; path = ImageFeedTests.xctest; sourceTree = BUILT_PRODUCTS_DIR; };
		FE2444A12EA8F7CE00760F44 /* ProfilePresenter.swift */ = {isa = PBXFileReference; lastKnownFileType = sourcecode.swift; path = ProfilePresenter.swift; sourceTree = "<group>"; };
		FE2444A32EA8F82E00760F44 /* ProfileHelper.swift */ = {isa = PBXFileReference; lastKnownFileType = sourcecode.swift; path = ProfileHelper.swift; sourceTree = "<group>"; };
		FE2444C12EA908F400760F44 /* ProfileViewTests.xctest */ = {isa = PBXFileReference; explicitFileType = wrapper.cfbundle; includeInIndex = 0; path = ProfileViewTests.xctest; sourceTree = BUILT_PRODUCTS_DIR; };
		FE2444F52EA9E34400760F44 /* ImageListTests.xctest */ = {isa = PBXFileReference; explicitFileType = wrapper.cfbundle; includeInIndex = 0; path = ImageListTests.xctest; sourceTree = BUILT_PRODUCTS_DIR; };
		FE24453C2EA9F9E700760F44 /* ImageListsTests.xctest */ = {isa = PBXFileReference; explicitFileType = wrapper.cfbundle; includeInIndex = 0; path = ImageListsTests.xctest; sourceTree = BUILT_PRODUCTS_DIR; };
		FE2445602EAB2DE000760F44 /* ImageFeedUITestsTests.xctest */ = {isa = PBXFileReference; explicitFileType = wrapper.cfbundle; includeInIndex = 0; path = ImageFeedUITestsTests.xctest; sourceTree = BUILT_PRODUCTS_DIR; };
		FE345CB02E602C8D000D9AB8 /* AuthConfiiguration.swift */ = {isa = PBXFileReference; lastKnownFileType = sourcecode.swift; path = AuthConfiiguration.swift; sourceTree = "<group>"; };
		FE345CB32E606918000D9AB8 /* AuthViewController.swift */ = {isa = PBXFileReference; lastKnownFileType = sourcecode.swift; path = AuthViewController.swift; sourceTree = "<group>"; };
		FE345CB62E606CFC000D9AB8 /* WebViewViewController.swift */ = {isa = PBXFileReference; lastKnownFileType = sourcecode.swift; path = WebViewViewController.swift; sourceTree = "<group>"; };
		FE345CC02E617020000D9AB8 /* OAuth2Service.swift */ = {isa = PBXFileReference; lastKnownFileType = sourcecode.swift; path = OAuth2Service.swift; sourceTree = "<group>"; };
		FE345CC32E617628000D9AB8 /* URLSession+Data.swift */ = {isa = PBXFileReference; lastKnownFileType = sourcecode.swift; path = "URLSession+Data.swift"; sourceTree = "<group>"; };
		FE345CC52E6177F4000D9AB8 /* NetworkingError.swift */ = {isa = PBXFileReference; lastKnownFileType = sourcecode.swift; path = NetworkingError.swift; sourceTree = "<group>"; };
		FE345CCC2E617C10000D9AB8 /* OAuthTokenResponseBody.swift */ = {isa = PBXFileReference; lastKnownFileType = sourcecode.swift; path = OAuthTokenResponseBody.swift; sourceTree = "<group>"; };
		FE345CCF2E617CDC000D9AB8 /* OAuth2TokenStorage.swift */ = {isa = PBXFileReference; lastKnownFileType = sourcecode.swift; path = OAuth2TokenStorage.swift; sourceTree = "<group>"; };
		FE345CD62E61D837000D9AB8 /* SplashViewController.swift */ = {isa = PBXFileReference; lastKnownFileType = sourcecode.swift; path = SplashViewController.swift; sourceTree = "<group>"; };
		FE345CE02E656DDF000D9AB8 /* URLRequest+Method.swift */ = {isa = PBXFileReference; lastKnownFileType = sourcecode.swift; path = "URLRequest+Method.swift"; sourceTree = "<group>"; };
		FE345E3A2E6C549C000D9AB8 /* TabBarController.swift */ = {isa = PBXFileReference; lastKnownFileType = sourcecode.swift; path = TabBarController.swift; sourceTree = "<group>"; };
		FE345F4B2E6D6E17000D9AB8 /* NotificationExtensions.swift */ = {isa = PBXFileReference; lastKnownFileType = sourcecode.swift; path = NotificationExtensions.swift; sourceTree = "<group>"; };
		FE34603C2E6FEB41000D9AB8 /* WebKit.framework */ = {isa = PBXFileReference; lastKnownFileType = wrapper.framework; name = WebKit.framework; path = System/Library/Frameworks/WebKit.framework; sourceTree = SDKROOT; };
		FE7468052E4D9E3B00718366 /* ProfileViewController.swift */ = {isa = PBXFileReference; lastKnownFileType = sourcecode.swift; path = ProfileViewController.swift; sourceTree = "<group>"; };
		FE74681F2E50BF3600718366 /* SingleImageViewController.swift */ = {isa = PBXFileReference; lastKnownFileType = sourcecode.swift; path = SingleImageViewController.swift; sourceTree = "<group>"; };
		FE9470782E9526BE00F7A7B9 /* Photo.swift */ = {isa = PBXFileReference; lastKnownFileType = sourcecode.swift; path = Photo.swift; sourceTree = "<group>"; };
		FE94707A2E95270200F7A7B9 /* ImagesListService.swift */ = {isa = PBXFileReference; lastKnownFileType = sourcecode.swift; path = ImagesListService.swift; sourceTree = "<group>"; };
		FEC285AF2E9FA2E8009DB93D /* ProfileLogoutService.swift */ = {isa = PBXFileReference; lastKnownFileType = sourcecode.swift; path = ProfileLogoutService.swift; sourceTree = "<group>"; };
		FEC444892E7A57800059D780 /* UIBlockingProgresHUD.swift */ = {isa = PBXFileReference; lastKnownFileType = sourcecode.swift; path = UIBlockingProgresHUD.swift; sourceTree = "<group>"; };
		FEC4448F2E7A73320059D780 /* ProfileService.swift */ = {isa = PBXFileReference; lastKnownFileType = sourcecode.swift; path = ProfileService.swift; sourceTree = "<group>"; };
		FEC444A02E7A988C0059D780 /* ProfileImageService.swift */ = {isa = PBXFileReference; lastKnownFileType = sourcecode.swift; path = ProfileImageService.swift; sourceTree = "<group>"; };
/* End PBXFileReference section */

/* Begin PBXFileSystemSynchronizedRootGroup section */
		FE1943BB2E44F8BB00787614 /* ImagesList */ = {
			isa = PBXFileSystemSynchronizedRootGroup;
			path = ImagesList;
			sourceTree = "<group>";
		};
		FE2444882EA8E02300760F44 /* WebViewTests */ = {
			isa = PBXFileSystemSynchronizedRootGroup;
			path = WebViewTests;
			sourceTree = "<group>";
		};
		FE2444C22EA908F400760F44 /* ProfileViewTests */ = {
			isa = PBXFileSystemSynchronizedRootGroup;
			path = ProfileViewTests;
			sourceTree = "<group>";
		};
		FE24453D2EA9F9E700760F44 /* ImageListsTests */ = {
			isa = PBXFileSystemSynchronizedRootGroup;
			path = ImageListsTests;
			sourceTree = "<group>";
		};
		FE2445612EAB2DE000760F44 /* ImageFeedUITestsTests */ = {
			isa = PBXFileSystemSynchronizedRootGroup;
			path = ImageFeedUITestsTests;
			sourceTree = "<group>";
		};
/* End PBXFileSystemSynchronizedRootGroup section */

/* Begin PBXFrameworksBuildPhase section */
		FE1943B62E44F8BB00787614 /* Frameworks */ = {
			isa = PBXFrameworksBuildPhase;
			buildActionMask = 2147483647;
			files = (
				FEC444A92E7C40770059D780 /* Kingfisher in Frameworks */,
				FE34603D2E6FEB41000D9AB8 /* WebKit.framework in Frameworks */,
				FE4647E82E813A9A00743159 /* SwiftKeychainWrapper in Frameworks */,
				FEC444972E7A962F0059D780 /* ProgressHUD in Frameworks */,
			);
			runOnlyForDeploymentPostprocessing = 0;
		};
		FE2444842EA8E02300760F44 /* Frameworks */ = {
			isa = PBXFrameworksBuildPhase;
			buildActionMask = 2147483647;
			files = (
			);
			runOnlyForDeploymentPostprocessing = 0;
		};
		FE2444BE2EA908F400760F44 /* Frameworks */ = {
			isa = PBXFrameworksBuildPhase;
			buildActionMask = 2147483647;
			files = (
			);
			runOnlyForDeploymentPostprocessing = 0;
		};
		FE2444F22EA9E34400760F44 /* Frameworks */ = {
			isa = PBXFrameworksBuildPhase;
			buildActionMask = 2147483647;
			files = (
			);
			runOnlyForDeploymentPostprocessing = 0;
		};
		FE2445392EA9F9E700760F44 /* Frameworks */ = {
			isa = PBXFrameworksBuildPhase;
			buildActionMask = 2147483647;
			files = (
			);
			runOnlyForDeploymentPostprocessing = 0;
		};
		FE24455D2EAB2DE000760F44 /* Frameworks */ = {
			isa = PBXFrameworksBuildPhase;
			buildActionMask = 2147483647;
			files = (
			);
			runOnlyForDeploymentPostprocessing = 0;
		};
/* End PBXFrameworksBuildPhase section */

/* Begin PBXGroup section */
		FE1943B02E44F8BB00787614 = {
			isa = PBXGroup;
			children = (
				FE1944142E47892800787614 /* ImageFeed */,
				FE2444882EA8E02300760F44 /* WebViewTests */,
				FE2444C22EA908F400760F44 /* ProfileViewTests */,
				FE24453D2EA9F9E700760F44 /* ImageListsTests */,
				FE2445612EAB2DE000760F44 /* ImageFeedUITestsTests */,
				FE345CE62E657918000D9AB8 /* Frameworks */,
				FE1943BA2E44F8BB00787614 /* Products */,
			);
			sourceTree = "<group>";
		};
		FE1943BA2E44F8BB00787614 /* Products */ = {
			isa = PBXGroup;
			children = (
				FE1943B92E44F8BB00787614 /* ImageFeed.app */,
				FE2444872EA8E02300760F44 /* ImageFeedTests.xctest */,
				FE2444C12EA908F400760F44 /* ProfileViewTests.xctest */,
				FE2444F52EA9E34400760F44 /* ImageListTests.xctest */,
				FE24453C2EA9F9E700760F44 /* ImageListsTests.xctest */,
				FE2445602EAB2DE000760F44 /* ImageFeedUITestsTests.xctest */,
			);
			name = Products;
			sourceTree = "<group>";
		};
		FE1944142E47892800787614 /* ImageFeed */ = {
			isa = PBXGroup;
			children = (
				FEC444A22E7A99F90059D780 /* ProfileService */,
				FEC4448E2E7A5DE90059D780 /* View */,
				FE345F4A2E6D6E00000D9AB8 /* Extansion */,
				FE345CB02E602C8D000D9AB8 /* AuthConfiiguration.swift */,
				FE1944072E4778B300787614 /* SceneDelegate.swift */,
				FE1944022E4778B300787614 /* AppDelegate.swift */,
				FE1944052E4778B300787614 /* LaunchScreen.storyboard */,
				FE1944062E4778B300787614 /* Main.storyboard */,
				FE1944032E4778B300787614 /* Assets.xcassets */,
				FE1944042E4778B300787614 /* Info.plist */,
				FE345CCE2E617CC4000D9AB8 /* Services */,
				FE345CCB2E617C00000D9AB8 /* Models */,
				FE345CC22E6175CC000D9AB8 /* NetWorking */,
				FE7468032E4D9DE200718366 /* ViewControllers */,
			);
			path = ImageFeed;
			sourceTree = "<group>";
		};
		FE345CB22E606901000D9AB8 /* Auth */ = {
			isa = PBXGroup;
			children = (
				FE2444812EA8D74300760F44 /* AuthHelper.swift */,
				FE345CB32E606918000D9AB8 /* AuthViewController.swift */,
				FE345CB62E606CFC000D9AB8 /* WebViewViewController.swift */,
				FE24447B2EA8BA8C00760F44 /* WebViewPresenter.swift */,
			);
			path = Auth;
			sourceTree = "<group>";
		};
		FE345CC22E6175CC000D9AB8 /* NetWorking */ = {
			isa = PBXGroup;
			children = (
				FE345CE02E656DDF000D9AB8 /* URLRequest+Method.swift */,
				FE345CC52E6177F4000D9AB8 /* NetworkingError.swift */,
				FE345CC02E617020000D9AB8 /* OAuth2Service.swift */,
				FE345CC32E617628000D9AB8 /* URLSession+Data.swift */,
			);
			path = NetWorking;
			sourceTree = "<group>";
		};
		FE345CCB2E617C00000D9AB8 /* Models */ = {
			isa = PBXGroup;
			children = (
				FE94707A2E95270200F7A7B9 /* ImagesListService.swift */,
				FE9470782E9526BE00F7A7B9 /* Photo.swift */,
				FE345CCC2E617C10000D9AB8 /* OAuthTokenResponseBody.swift */,
			);
			path = Models;
			sourceTree = "<group>";
		};
		FE345CCE2E617CC4000D9AB8 /* Services */ = {
			isa = PBXGroup;
			children = (
				FE345CCF2E617CDC000D9AB8 /* OAuth2TokenStorage.swift */,
			);
			path = Services;
			sourceTree = "<group>";
		};
		FE345CD52E61D82A000D9AB8 /* SplashViewController */ = {
			isa = PBXGroup;
			children = (
				FE345CD62E61D837000D9AB8 /* SplashViewController.swift */,
			);
			path = SplashViewController;
			sourceTree = "<group>";
		};
		FE345CE62E657918000D9AB8 /* Frameworks */ = {
			isa = PBXGroup;
			children = (
				FE34603C2E6FEB41000D9AB8 /* WebKit.framework */,
			);
			name = Frameworks;
			sourceTree = "<group>";
		};
		FE345E392E6C5478000D9AB8 /* TabBarViewController */ = {
			isa = PBXGroup;
			children = (
				FE345E3A2E6C549C000D9AB8 /* TabBarController.swift */,
			);
			path = TabBarViewController;
			sourceTree = "<group>";
		};
		FE345F4A2E6D6E00000D9AB8 /* Extansion */ = {
			isa = PBXGroup;
			children = (
				FE345F4B2E6D6E17000D9AB8 /* NotificationExtensions.swift */,
			);
			path = Extansion;
			sourceTree = "<group>";
		};
		FE7468032E4D9DE200718366 /* ViewControllers */ = {
			isa = PBXGroup;
			children = (
				FE345E392E6C5478000D9AB8 /* TabBarViewController */,
				FE345CD52E61D82A000D9AB8 /* SplashViewController */,
				FE345CB22E606901000D9AB8 /* Auth */,
				FE7468212E50C3DF00718366 /* SingleImageView */,
				FE7468042E4D9E0700718366 /* Profile */,
				FE1943BB2E44F8BB00787614 /* ImagesList */,
			);
			path = ViewControllers;
			sourceTree = "<group>";
		};
		FE7468042E4D9E0700718366 /* Profile */ = {
			isa = PBXGroup;
			children = (
				FE2444A32EA8F82E00760F44 /* ProfileHelper.swift */,
				FE2444A12EA8F7CE00760F44 /* ProfilePresenter.swift */,
				FEC285AF2E9FA2E8009DB93D /* ProfileLogoutService.swift */,
				FE7468052E4D9E3B00718366 /* ProfileViewController.swift */,
			);
			path = Profile;
			sourceTree = "<group>";
		};
		FE7468212E50C3DF00718366 /* SingleImageView */ = {
			isa = PBXGroup;
			children = (
				FE74681F2E50BF3600718366 /* SingleImageViewController.swift */,
			);
			path = SingleImageView;
			sourceTree = "<group>";
		};
		FEC4448E2E7A5DE90059D780 /* View */ = {
			isa = PBXGroup;
			children = (
				FEC444892E7A57800059D780 /* UIBlockingProgresHUD.swift */,
			);
			path = View;
			sourceTree = "<group>";
		};
		FEC444A22E7A99F90059D780 /* ProfileService */ = {
			isa = PBXGroup;
			children = (
				FEC444A02E7A988C0059D780 /* ProfileImageService.swift */,
				FEC4448F2E7A73320059D780 /* ProfileService.swift */,
			);
			path = ProfileService;
			sourceTree = "<group>";
		};
/* End PBXGroup section */

/* Begin PBXNativeTarget section */
		FE1943B82E44F8BB00787614 /* ImageFeed */ = {
			isa = PBXNativeTarget;
			buildConfigurationList = FE1943CC2E44F8BD00787614 /* Build configuration list for PBXNativeTarget "ImageFeed" */;
			buildPhases = (
				FE1943B52E44F8BB00787614 /* Sources */,
				FE1943B62E44F8BB00787614 /* Frameworks */,
				FE1943B72E44F8BB00787614 /* Resources */,
			);
			buildRules = (
			);
			dependencies = (
			);
			fileSystemSynchronizedGroups = (
				FE1943BB2E44F8BB00787614 /* ImagesList */,
			);
			name = ImageFeed;
			packageProductDependencies = (
				FEC444962E7A962F0059D780 /* ProgressHUD */,
				FEC444A82E7C40770059D780 /* Kingfisher */,
				FE4647E72E813A9A00743159 /* SwiftKeychainWrapper */,
			);
			productName = ImageFeed;
			productReference = FE1943B92E44F8BB00787614 /* ImageFeed.app */;
			productType = "com.apple.product-type.application";
		};
		FE2444862EA8E02300760F44 /* ImageFeedTests */ = {
			isa = PBXNativeTarget;
			buildConfigurationList = FE24448D2EA8E02300760F44 /* Build configuration list for PBXNativeTarget "ImageFeedTests" */;
			buildPhases = (
				FE2444832EA8E02300760F44 /* Sources */,
				FE2444842EA8E02300760F44 /* Frameworks */,
				FE2444852EA8E02300760F44 /* Resources */,
			);
			buildRules = (
			);
			dependencies = (
				FE24448C2EA8E02300760F44 /* PBXTargetDependency */,
			);
			fileSystemSynchronizedGroups = (
				FE2444882EA8E02300760F44 /* WebViewTests */,
			);
			name = ImageFeedTests;
			packageProductDependencies = (
			);
			productName = ImageFeedTests;
			productReference = FE2444872EA8E02300760F44 /* ImageFeedTests.xctest */;
			productType = "com.apple.product-type.bundle.unit-test";
		};
		FE2444C02EA908F400760F44 /* ProfileViewTests */ = {
			isa = PBXNativeTarget;
			buildConfigurationList = FE2444C92EA908F400760F44 /* Build configuration list for PBXNativeTarget "ProfileViewTests" */;
			buildPhases = (
				FE2444BD2EA908F400760F44 /* Sources */,
				FE2444BE2EA908F400760F44 /* Frameworks */,
				FE2444BF2EA908F400760F44 /* Resources */,
			);
			buildRules = (
			);
			dependencies = (
				FE2444C62EA908F400760F44 /* PBXTargetDependency */,
			);
			fileSystemSynchronizedGroups = (
				FE2444C22EA908F400760F44 /* ProfileViewTests */,
			);
			name = ProfileViewTests;
			packageProductDependencies = (
			);
			productName = ProfileViewTests;
			productReference = FE2444C12EA908F400760F44 /* ProfileViewTests.xctest */;
			productType = "com.apple.product-type.bundle.unit-test";
		};
		FE2444F42EA9E34400760F44 /* ImageListTests */ = {
			isa = PBXNativeTarget;
			buildConfigurationList = FE2444FB2EA9E34400760F44 /* Build configuration list for PBXNativeTarget "ImageListTests" */;
			buildPhases = (
				FE2444F12EA9E34400760F44 /* Sources */,
				FE2444F22EA9E34400760F44 /* Frameworks */,
				FE2444F32EA9E34400760F44 /* Resources */,
			);
			buildRules = (
			);
			dependencies = (
				FE2444FA2EA9E34400760F44 /* PBXTargetDependency */,
			);
			name = ImageListTests;
			packageProductDependencies = (
			);
			productName = ImageListTests;
			productReference = FE2444F52EA9E34400760F44 /* ImageListTests.xctest */;
			productType = "com.apple.product-type.bundle.unit-test";
		};
		FE24453B2EA9F9E700760F44 /* ImageListsTests */ = {
			isa = PBXNativeTarget;
			buildConfigurationList = FE2445442EA9F9E700760F44 /* Build configuration list for PBXNativeTarget "ImageListsTests" */;
			buildPhases = (
				FE2445382EA9F9E700760F44 /* Sources */,
				FE2445392EA9F9E700760F44 /* Frameworks */,
				FE24453A2EA9F9E700760F44 /* Resources */,
			);
			buildRules = (
			);
			dependencies = (
				FE2445412EA9F9E700760F44 /* PBXTargetDependency */,
			);
			fileSystemSynchronizedGroups = (
				FE24453D2EA9F9E700760F44 /* ImageListsTests */,
			);
			name = ImageListsTests;
			packageProductDependencies = (
			);
			productName = ImageListsTests;
			productReference = FE24453C2EA9F9E700760F44 /* ImageListsTests.xctest */;
			productType = "com.apple.product-type.bundle.unit-test";
		};
		FE24455F2EAB2DE000760F44 /* ImageFeedUITestsTests */ = {
			isa = PBXNativeTarget;
			buildConfigurationList = FE24456A2EAB2DE000760F44 /* Build configuration list for PBXNativeTarget "ImageFeedUITestsTests" */;
			buildPhases = (
				FE24455C2EAB2DE000760F44 /* Sources */,
				FE24455D2EAB2DE000760F44 /* Frameworks */,
				FE24455E2EAB2DE000760F44 /* Resources */,
			);
			buildRules = (
			);
			dependencies = (
				FE2445672EAB2DE000760F44 /* PBXTargetDependency */,
			);
			fileSystemSynchronizedGroups = (
				FE2445612EAB2DE000760F44 /* ImageFeedUITestsTests */,
			);
			name = ImageFeedUITestsTests;
			packageProductDependencies = (
			);
			productName = ImageFeedUITestsTests;
			productReference = FE2445602EAB2DE000760F44 /* ImageFeedUITestsTests.xctest */;
			productType = "com.apple.product-type.bundle.ui-testing";
		};
/* End PBXNativeTarget section */

/* Begin PBXProject section */
		FE1943B12E44F8BB00787614 /* Project object */ = {
			isa = PBXProject;
			attributes = {
				BuildIndependentTargetsInParallel = 1;
				LastSwiftUpdateCheck = 1610;
				LastUpgradeCheck = 1610;
				TargetAttributes = {
					FE1943B82E44F8BB00787614 = {
						CreatedOnToolsVersion = 16.1;
					};
					FE2444862EA8E02300760F44 = {
						CreatedOnToolsVersion = 16.1;
						TestTargetID = FE1943B82E44F8BB00787614;
					};
					FE2444C02EA908F400760F44 = {
						CreatedOnToolsVersion = 16.1;
						TestTargetID = FE1943B82E44F8BB00787614;
					};
					FE2444F42EA9E34400760F44 = {
						CreatedOnToolsVersion = 16.1;
						TestTargetID = FE1943B82E44F8BB00787614;
					};
					FE24453B2EA9F9E700760F44 = {
						CreatedOnToolsVersion = 16.1;
						TestTargetID = FE1943B82E44F8BB00787614;
					};
					FE24455F2EAB2DE000760F44 = {
						CreatedOnToolsVersion = 16.1;
						TestTargetID = FE1943B82E44F8BB00787614;
					};
				};
			};
			buildConfigurationList = FE1943B42E44F8BB00787614 /* Build configuration list for PBXProject "ImageFeed" */;
			developmentRegion = en;
			hasScannedForEncodings = 0;
			knownRegions = (
				en,
				Base,
			);
			mainGroup = FE1943B02E44F8BB00787614;
			minimizedProjectReferenceProxies = 1;
			packageReferences = (
				FEC444952E7A962F0059D780 /* XCRemoteSwiftPackageReference "ProgressHUD" */,
				FEC444A72E7C40770059D780 /* XCRemoteSwiftPackageReference "Kingfisher" */,
				FE4647E62E813A9A00743159 /* XCRemoteSwiftPackageReference "SwiftKeychainWrapper" */,
			);
			preferredProjectObjectVersion = 77;
			productRefGroup = FE1943BA2E44F8BB00787614 /* Products */;
			projectDirPath = "";
			projectRoot = "";
			targets = (
				FE1943B82E44F8BB00787614 /* ImageFeed */,
				FE2444862EA8E02300760F44 /* ImageFeedTests */,
				FE2444C02EA908F400760F44 /* ProfileViewTests */,
				FE2444F42EA9E34400760F44 /* ImageListTests */,
				FE24453B2EA9F9E700760F44 /* ImageListsTests */,
				FE24455F2EAB2DE000760F44 /* ImageFeedUITestsTests */,
			);
		};
/* End PBXProject section */

/* Begin PBXResourcesBuildPhase section */
		FE1943B72E44F8BB00787614 /* Resources */ = {
			isa = PBXResourcesBuildPhase;
			buildActionMask = 2147483647;
			files = (
				FE19440E2E4778B300787614 /* Assets.xcassets in Resources */,
				FE1944102E4778B300787614 /* LaunchScreen.storyboard in Resources */,
				FE1944112E4778B300787614 /* Main.storyboard in Resources */,
			);
			runOnlyForDeploymentPostprocessing = 0;
		};
		FE2444852EA8E02300760F44 /* Resources */ = {
			isa = PBXResourcesBuildPhase;
			buildActionMask = 2147483647;
			files = (
			);
			runOnlyForDeploymentPostprocessing = 0;
		};
		FE2444BF2EA908F400760F44 /* Resources */ = {
			isa = PBXResourcesBuildPhase;
			buildActionMask = 2147483647;
			files = (
			);
			runOnlyForDeploymentPostprocessing = 0;
		};
		FE2444F32EA9E34400760F44 /* Resources */ = {
			isa = PBXResourcesBuildPhase;
			buildActionMask = 2147483647;
			files = (
			);
			runOnlyForDeploymentPostprocessing = 0;
		};
		FE24453A2EA9F9E700760F44 /* Resources */ = {
			isa = PBXResourcesBuildPhase;
			buildActionMask = 2147483647;
			files = (
			);
			runOnlyForDeploymentPostprocessing = 0;
		};
		FE24455E2EAB2DE000760F44 /* Resources */ = {
			isa = PBXResourcesBuildPhase;
			buildActionMask = 2147483647;
			files = (
			);
			runOnlyForDeploymentPostprocessing = 0;
		};
/* End PBXResourcesBuildPhase section */

/* Begin PBXSourcesBuildPhase section */
		FE1943B52E44F8BB00787614 /* Sources */ = {
			isa = PBXSourcesBuildPhase;
			buildActionMask = 2147483647;
			files = (
				FE19440B2E4778B300787614 /* AppDelegate.swift in Sources */,
				FE94707B2E95270500F7A7B9 /* ImagesListService.swift in Sources */,
				FE7468062E4D9E4D00718366 /* ProfileViewController.swift in Sources */,
				FE345CB42E60691E000D9AB8 /* AuthViewController.swift in Sources */,
				FE345E3B2E6C54A3000D9AB8 /* TabBarController.swift in Sources */,
				FE345CC42E61762C000D9AB8 /* URLSession+Data.swift in Sources */,
				FE345CB12E602C93000D9AB8 /* AuthConfiiguration.swift in Sources */,
				FE2444A42EA8F83A00760F44 /* ProfileHelper.swift in Sources */,
				FE345CCD2E617C22000D9AB8 /* OAuthTokenResponseBody.swift in Sources */,
				FE345CD02E617CEE000D9AB8 /* OAuth2TokenStorage.swift in Sources */,
				FE345CD72E61D83A000D9AB8 /* SplashViewController.swift in Sources */,
				FEC444902E7A73410059D780 /* ProfileService.swift in Sources */,
				FE2444822EA8D75000760F44 /* AuthHelper.swift in Sources */,
				FE19440C2E4778B300787614 /* SceneDelegate.swift in Sources */,
				FE345CB72E606D02000D9AB8 /* WebViewViewController.swift in Sources */,
				FE345F4C2E6D6E37000D9AB8 /* NotificationExtensions.swift in Sources */,
				FEC444A12E7A98980059D780 /* ProfileImageService.swift in Sources */,
				FEC285B02E9FA2EE009DB93D /* ProfileLogoutService.swift in Sources */,
				FE345CE12E656DEB000D9AB8 /* URLRequest+Method.swift in Sources */,
				FE345CC12E617025000D9AB8 /* OAuth2Service.swift in Sources */,
				FE9470792E9526CC00F7A7B9 /* Photo.swift in Sources */,
				FE24447C2EA8BA9E00760F44 /* WebViewPresenter.swift in Sources */,
				FE2444A22EA8F7DF00760F44 /* ProfilePresenter.swift in Sources */,
				FE345CC62E61780F000D9AB8 /* NetworkingError.swift in Sources */,
				FEC4448A2E7A58050059D780 /* UIBlockingProgresHUD.swift in Sources */,
				FE7468202E50BF3D00718366 /* SingleImageViewController.swift in Sources */,
			);
			runOnlyForDeploymentPostprocessing = 0;
		};
		FE2444832EA8E02300760F44 /* Sources */ = {
			isa = PBXSourcesBuildPhase;
			buildActionMask = 2147483647;
			files = (
			);
			runOnlyForDeploymentPostprocessing = 0;
		};
		FE2444BD2EA908F400760F44 /* Sources */ = {
			isa = PBXSourcesBuildPhase;
			buildActionMask = 2147483647;
			files = (
			);
			runOnlyForDeploymentPostprocessing = 0;
		};
		FE2444F12EA9E34400760F44 /* Sources */ = {
			isa = PBXSourcesBuildPhase;
			buildActionMask = 2147483647;
			files = (
			);
			runOnlyForDeploymentPostprocessing = 0;
		};
		FE2445382EA9F9E700760F44 /* Sources */ = {
			isa = PBXSourcesBuildPhase;
			buildActionMask = 2147483647;
			files = (
			);
			runOnlyForDeploymentPostprocessing = 0;
		};
		FE24455C2EAB2DE000760F44 /* Sources */ = {
			isa = PBXSourcesBuildPhase;
			buildActionMask = 2147483647;
			files = (
			);
			runOnlyForDeploymentPostprocessing = 0;
		};
/* End PBXSourcesBuildPhase section */

/* Begin PBXTargetDependency section */
		FE24448C2EA8E02300760F44 /* PBXTargetDependency */ = {
			isa = PBXTargetDependency;
			target = FE1943B82E44F8BB00787614 /* ImageFeed */;
			targetProxy = FE24448B2EA8E02300760F44 /* PBXContainerItemProxy */;
		};
		FE2444C62EA908F400760F44 /* PBXTargetDependency */ = {
			isa = PBXTargetDependency;
			target = FE1943B82E44F8BB00787614 /* ImageFeed */;
			targetProxy = FE2444C52EA908F400760F44 /* PBXContainerItemProxy */;
		};
		FE2444FA2EA9E34400760F44 /* PBXTargetDependency */ = {
			isa = PBXTargetDependency;
			target = FE1943B82E44F8BB00787614 /* ImageFeed */;
			targetProxy = FE2444F92EA9E34400760F44 /* PBXContainerItemProxy */;
		};
		FE2445412EA9F9E700760F44 /* PBXTargetDependency */ = {
			isa = PBXTargetDependency;
			target = FE1943B82E44F8BB00787614 /* ImageFeed */;
			targetProxy = FE2445402EA9F9E700760F44 /* PBXContainerItemProxy */;
		};
		FE2445672EAB2DE000760F44 /* PBXTargetDependency */ = {
			isa = PBXTargetDependency;
			target = FE1943B82E44F8BB00787614 /* ImageFeed */;
			targetProxy = FE2445662EAB2DE000760F44 /* PBXContainerItemProxy */;
		};
/* End PBXTargetDependency section */

/* Begin PBXVariantGroup section */
		FE1944052E4778B300787614 /* LaunchScreen.storyboard */ = {
			isa = PBXVariantGroup;
			children = (
				FE19440A2E4778B300787614 /* Base */,
			);
			name = LaunchScreen.storyboard;
			sourceTree = "<group>";
		};
		FE1944062E4778B300787614 /* Main.storyboard */ = {
			isa = PBXVariantGroup;
			children = (
				FE1944092E4778B300787614 /* Base */,
			);
			name = Main.storyboard;
			sourceTree = "<group>";
		};
/* End PBXVariantGroup section */

/* Begin XCBuildConfiguration section */
		FE1943CD2E44F8BD00787614 /* Debug */ = {
			isa = XCBuildConfiguration;
			buildSettings = {
				ASSETCATALOG_COMPILER_APPICON_NAME = AppIcon;
				ASSETCATALOG_COMPILER_GLOBAL_ACCENT_COLOR_NAME = AccentColor;
				CODE_SIGN_STYLE = Automatic;
				CURRENT_PROJECT_VERSION = 1;
				DEVELOPMENT_TEAM = 4MJ8BPH6PP;
				GENERATE_INFOPLIST_FILE = YES;
				INFOPLIST_FILE = ImageFeed/Info.plist;
				INFOPLIST_KEY_UIApplicationSupportsIndirectInputEvents = YES;
				INFOPLIST_KEY_UILaunchStoryboardName = LaunchScreen;
				INFOPLIST_KEY_UIMainStoryboardFile = Main;
				INFOPLIST_KEY_UISupportedInterfaceOrientations_iPad = "UIInterfaceOrientationPortrait UIInterfaceOrientationPortraitUpsideDown UIInterfaceOrientationLandscapeLeft UIInterfaceOrientationLandscapeRight";
				INFOPLIST_KEY_UISupportedInterfaceOrientations_iPhone = UIInterfaceOrientationPortrait;
				IPHONEOS_DEPLOYMENT_TARGET = 13.0;
				LD_RUNPATH_SEARCH_PATHS = (
					"$(inherited)",
					"@executable_path/Frameworks",
				);
				MARKETING_VERSION = 1.0;
				PRODUCT_BUNDLE_IDENTIFIER = ru.yandex.practicum2025.ImageFeed;
				PRODUCT_NAME = "$(TARGET_NAME)";
				SUPPORTED_PLATFORMS = "iphoneos iphonesimulator";
				SUPPORTS_MACCATALYST = NO;
				SWIFT_EMIT_LOC_STRINGS = YES;
				SWIFT_VERSION = 5.0;
				TARGETED_DEVICE_FAMILY = 1;
			};
			name = Debug;
		};
		FE1943CE2E44F8BD00787614 /* Release */ = {
			isa = XCBuildConfiguration;
			buildSettings = {
				ASSETCATALOG_COMPILER_APPICON_NAME = AppIcon;
				ASSETCATALOG_COMPILER_GLOBAL_ACCENT_COLOR_NAME = AccentColor;
				CODE_SIGN_STYLE = Automatic;
				CURRENT_PROJECT_VERSION = 1;
				DEVELOPMENT_TEAM = 4MJ8BPH6PP;
				GENERATE_INFOPLIST_FILE = YES;
				INFOPLIST_FILE = ImageFeed/Info.plist;
				INFOPLIST_KEY_UIApplicationSupportsIndirectInputEvents = YES;
				INFOPLIST_KEY_UILaunchStoryboardName = LaunchScreen;
				INFOPLIST_KEY_UIMainStoryboardFile = Main;
				INFOPLIST_KEY_UISupportedInterfaceOrientations_iPad = "UIInterfaceOrientationPortrait UIInterfaceOrientationPortraitUpsideDown UIInterfaceOrientationLandscapeLeft UIInterfaceOrientationLandscapeRight";
				INFOPLIST_KEY_UISupportedInterfaceOrientations_iPhone = UIInterfaceOrientationPortrait;
				IPHONEOS_DEPLOYMENT_TARGET = 13.0;
				LD_RUNPATH_SEARCH_PATHS = (
					"$(inherited)",
					"@executable_path/Frameworks",
				);
				MARKETING_VERSION = 1.0;
				PRODUCT_BUNDLE_IDENTIFIER = ru.yandex.practicum2025.ImageFeed;
				PRODUCT_NAME = "$(TARGET_NAME)";
				SUPPORTED_PLATFORMS = "iphoneos iphonesimulator";
				SUPPORTS_MACCATALYST = NO;
				SWIFT_EMIT_LOC_STRINGS = YES;
				SWIFT_VERSION = 5.0;
				TARGETED_DEVICE_FAMILY = 1;
			};
			name = Release;
		};
		FE1943CF2E44F8BD00787614 /* Debug */ = {
			isa = XCBuildConfiguration;
			buildSettings = {
				ALWAYS_SEARCH_USER_PATHS = NO;
				ASSETCATALOG_COMPILER_GENERATE_SWIFT_ASSET_SYMBOL_EXTENSIONS = YES;
				CLANG_ANALYZER_NONNULL = YES;
				CLANG_ANALYZER_NUMBER_OBJECT_CONVERSION = YES_AGGRESSIVE;
				CLANG_CXX_LANGUAGE_STANDARD = "gnu++20";
				CLANG_ENABLE_MODULES = YES;
				CLANG_ENABLE_OBJC_ARC = YES;
				CLANG_ENABLE_OBJC_WEAK = YES;
				CLANG_WARN_BLOCK_CAPTURE_AUTORELEASING = YES;
				CLANG_WARN_BOOL_CONVERSION = YES;
				CLANG_WARN_COMMA = YES;
				CLANG_WARN_CONSTANT_CONVERSION = YES;
				CLANG_WARN_DEPRECATED_OBJC_IMPLEMENTATIONS = YES;
				CLANG_WARN_DIRECT_OBJC_ISA_USAGE = YES_ERROR;
				CLANG_WARN_DOCUMENTATION_COMMENTS = YES;
				CLANG_WARN_EMPTY_BODY = YES;
				CLANG_WARN_ENUM_CONVERSION = YES;
				CLANG_WARN_INFINITE_RECURSION = YES;
				CLANG_WARN_INT_CONVERSION = YES;
				CLANG_WARN_NON_LITERAL_NULL_CONVERSION = YES;
				CLANG_WARN_OBJC_IMPLICIT_RETAIN_SELF = YES;
				CLANG_WARN_OBJC_LITERAL_CONVERSION = YES;
				CLANG_WARN_OBJC_ROOT_CLASS = YES_ERROR;
				CLANG_WARN_QUOTED_INCLUDE_IN_FRAMEWORK_HEADER = YES;
				CLANG_WARN_RANGE_LOOP_ANALYSIS = YES;
				CLANG_WARN_STRICT_PROTOTYPES = YES;
				CLANG_WARN_SUSPICIOUS_MOVE = YES;
				CLANG_WARN_UNGUARDED_AVAILABILITY = YES_AGGRESSIVE;
				CLANG_WARN_UNREACHABLE_CODE = YES;
				CLANG_WARN__DUPLICATE_METHOD_MATCH = YES;
				COPY_PHASE_STRIP = NO;
				DEBUG_INFORMATION_FORMAT = dwarf;
				ENABLE_STRICT_OBJC_MSGSEND = YES;
				ENABLE_TESTABILITY = YES;
				ENABLE_USER_SCRIPT_SANDBOXING = YES;
				GCC_C_LANGUAGE_STANDARD = gnu17;
				GCC_DYNAMIC_NO_PIC = NO;
				GCC_NO_COMMON_BLOCKS = YES;
				GCC_OPTIMIZATION_LEVEL = 0;
				GCC_PREPROCESSOR_DEFINITIONS = (
					"DEBUG=1",
					"$(inherited)",
				);
				GCC_WARN_64_TO_32_BIT_CONVERSION = YES;
				GCC_WARN_ABOUT_RETURN_TYPE = YES_ERROR;
				GCC_WARN_UNDECLARED_SELECTOR = YES;
				GCC_WARN_UNINITIALIZED_AUTOS = YES_AGGRESSIVE;
				GCC_WARN_UNUSED_FUNCTION = YES;
				GCC_WARN_UNUSED_VARIABLE = YES;
				IPHONEOS_DEPLOYMENT_TARGET = 18.1;
				LOCALIZATION_PREFERS_STRING_CATALOGS = YES;
				MTL_ENABLE_DEBUG_INFO = INCLUDE_SOURCE;
				MTL_FAST_MATH = YES;
				ONLY_ACTIVE_ARCH = YES;
				SDKROOT = iphoneos;
				SWIFT_ACTIVE_COMPILATION_CONDITIONS = "DEBUG $(inherited)";
				SWIFT_OPTIMIZATION_LEVEL = "-Onone";
			};
			name = Debug;
		};
		FE1943D02E44F8BD00787614 /* Release */ = {
			isa = XCBuildConfiguration;
			buildSettings = {
				ALWAYS_SEARCH_USER_PATHS = NO;
				ASSETCATALOG_COMPILER_GENERATE_SWIFT_ASSET_SYMBOL_EXTENSIONS = YES;
				CLANG_ANALYZER_NONNULL = YES;
				CLANG_ANALYZER_NUMBER_OBJECT_CONVERSION = YES_AGGRESSIVE;
				CLANG_CXX_LANGUAGE_STANDARD = "gnu++20";
				CLANG_ENABLE_MODULES = YES;
				CLANG_ENABLE_OBJC_ARC = YES;
				CLANG_ENABLE_OBJC_WEAK = YES;
				CLANG_WARN_BLOCK_CAPTURE_AUTORELEASING = YES;
				CLANG_WARN_BOOL_CONVERSION = YES;
				CLANG_WARN_COMMA = YES;
				CLANG_WARN_CONSTANT_CONVERSION = YES;
				CLANG_WARN_DEPRECATED_OBJC_IMPLEMENTATIONS = YES;
				CLANG_WARN_DIRECT_OBJC_ISA_USAGE = YES_ERROR;
				CLANG_WARN_DOCUMENTATION_COMMENTS = YES;
				CLANG_WARN_EMPTY_BODY = YES;
				CLANG_WARN_ENUM_CONVERSION = YES;
				CLANG_WARN_INFINITE_RECURSION = YES;
				CLANG_WARN_INT_CONVERSION = YES;
				CLANG_WARN_NON_LITERAL_NULL_CONVERSION = YES;
				CLANG_WARN_OBJC_IMPLICIT_RETAIN_SELF = YES;
				CLANG_WARN_OBJC_LITERAL_CONVERSION = YES;
				CLANG_WARN_OBJC_ROOT_CLASS = YES_ERROR;
				CLANG_WARN_QUOTED_INCLUDE_IN_FRAMEWORK_HEADER = YES;
				CLANG_WARN_RANGE_LOOP_ANALYSIS = YES;
				CLANG_WARN_STRICT_PROTOTYPES = YES;
				CLANG_WARN_SUSPICIOUS_MOVE = YES;
				CLANG_WARN_UNGUARDED_AVAILABILITY = YES_AGGRESSIVE;
				CLANG_WARN_UNREACHABLE_CODE = YES;
				CLANG_WARN__DUPLICATE_METHOD_MATCH = YES;
				COPY_PHASE_STRIP = NO;
				DEBUG_INFORMATION_FORMAT = "dwarf-with-dsym";
				ENABLE_NS_ASSERTIONS = NO;
				ENABLE_STRICT_OBJC_MSGSEND = YES;
				ENABLE_USER_SCRIPT_SANDBOXING = YES;
				GCC_C_LANGUAGE_STANDARD = gnu17;
				GCC_NO_COMMON_BLOCKS = YES;
				GCC_WARN_64_TO_32_BIT_CONVERSION = YES;
				GCC_WARN_ABOUT_RETURN_TYPE = YES_ERROR;
				GCC_WARN_UNDECLARED_SELECTOR = YES;
				GCC_WARN_UNINITIALIZED_AUTOS = YES_AGGRESSIVE;
				GCC_WARN_UNUSED_FUNCTION = YES;
				GCC_WARN_UNUSED_VARIABLE = YES;
				IPHONEOS_DEPLOYMENT_TARGET = 18.1;
				LOCALIZATION_PREFERS_STRING_CATALOGS = YES;
				MTL_ENABLE_DEBUG_INFO = NO;
				MTL_FAST_MATH = YES;
				SDKROOT = iphoneos;
				SWIFT_COMPILATION_MODE = wholemodule;
				VALIDATE_PRODUCT = YES;
			};
			name = Release;
		};
		FE24448E2EA8E02300760F44 /* Debug */ = {
			isa = XCBuildConfiguration;
			buildSettings = {
				BUNDLE_LOADER = "$(TEST_HOST)";
				CODE_SIGN_STYLE = Automatic;
				CURRENT_PROJECT_VERSION = 1;
				DEVELOPMENT_TEAM = 4MJ8BPH6PP;
				GENERATE_INFOPLIST_FILE = YES;
				MARKETING_VERSION = 1.0;
				PRODUCT_BUNDLE_IDENTIFIER = ru.yandex.practicum202531.ImageFeedTests;
				PRODUCT_NAME = "$(TARGET_NAME)";
				SWIFT_EMIT_LOC_STRINGS = NO;
				SWIFT_VERSION = 5.0;
				TARGETED_DEVICE_FAMILY = "1,2";
				TEST_HOST = "$(BUILT_PRODUCTS_DIR)/ImageFeed.app/$(BUNDLE_EXECUTABLE_FOLDER_PATH)/ImageFeed";
			};
			name = Debug;
		};
		FE24448F2EA8E02300760F44 /* Release */ = {
			isa = XCBuildConfiguration;
			buildSettings = {
				BUNDLE_LOADER = "$(TEST_HOST)";
				CODE_SIGN_STYLE = Automatic;
				CURRENT_PROJECT_VERSION = 1;
				DEVELOPMENT_TEAM = 4MJ8BPH6PP;
				GENERATE_INFOPLIST_FILE = YES;
				MARKETING_VERSION = 1.0;
				PRODUCT_BUNDLE_IDENTIFIER = ru.yandex.practicum202531.ImageFeedTests;
				PRODUCT_NAME = "$(TARGET_NAME)";
				SWIFT_EMIT_LOC_STRINGS = NO;
				SWIFT_VERSION = 5.0;
				TARGETED_DEVICE_FAMILY = "1,2";
				TEST_HOST = "$(BUILT_PRODUCTS_DIR)/ImageFeed.app/$(BUNDLE_EXECUTABLE_FOLDER_PATH)/ImageFeed";
			};
			name = Release;
		};
		FE2444C72EA908F400760F44 /* Debug */ = {
			isa = XCBuildConfiguration;
			buildSettings = {
				BUNDLE_LOADER = "$(TEST_HOST)";
				CODE_SIGN_STYLE = Automatic;
				CURRENT_PROJECT_VERSION = 1;
				DEVELOPMENT_TEAM = 4MJ8BPH6PP;
				GENERATE_INFOPLIST_FILE = YES;
				MARKETING_VERSION = 1.0;
				PRODUCT_BUNDLE_IDENTIFIER = ru.yandex.practicum202531.ProfileViewTests;
				PRODUCT_NAME = "$(TARGET_NAME)";
				SWIFT_EMIT_LOC_STRINGS = NO;
				SWIFT_VERSION = 5.0;
				TARGETED_DEVICE_FAMILY = "1,2";
				TEST_HOST = "$(BUILT_PRODUCTS_DIR)/ImageFeed.app/$(BUNDLE_EXECUTABLE_FOLDER_PATH)/ImageFeed";
			};
			name = Debug;
		};
		FE2444C82EA908F400760F44 /* Release */ = {
			isa = XCBuildConfiguration;
			buildSettings = {
				BUNDLE_LOADER = "$(TEST_HOST)";
				CODE_SIGN_STYLE = Automatic;
				CURRENT_PROJECT_VERSION = 1;
				DEVELOPMENT_TEAM = 4MJ8BPH6PP;
				GENERATE_INFOPLIST_FILE = YES;
				MARKETING_VERSION = 1.0;
				PRODUCT_BUNDLE_IDENTIFIER = ru.yandex.practicum202531.ProfileViewTests;
				PRODUCT_NAME = "$(TARGET_NAME)";
				SWIFT_EMIT_LOC_STRINGS = NO;
				SWIFT_VERSION = 5.0;
				TARGETED_DEVICE_FAMILY = "1,2";
				TEST_HOST = "$(BUILT_PRODUCTS_DIR)/ImageFeed.app/$(BUNDLE_EXECUTABLE_FOLDER_PATH)/ImageFeed";
			};
			name = Release;
		};
		FE2444FC2EA9E34400760F44 /* Debug */ = {
			isa = XCBuildConfiguration;
			buildSettings = {
				BUNDLE_LOADER = "$(TEST_HOST)";
				CODE_SIGN_STYLE = Automatic;
				CURRENT_PROJECT_VERSION = 1;
				DEVELOPMENT_TEAM = 4MJ8BPH6PP;
				GENERATE_INFOPLIST_FILE = YES;
				MARKETING_VERSION = 1.0;
				PRODUCT_BUNDLE_IDENTIFIER = ru.yandex.practicum202531.ImageListTests;
				PRODUCT_NAME = "$(TARGET_NAME)";
				SWIFT_EMIT_LOC_STRINGS = NO;
				SWIFT_VERSION = 5.0;
				TARGETED_DEVICE_FAMILY = "1,2";
				TEST_HOST = "$(BUILT_PRODUCTS_DIR)/ImageFeed.app/$(BUNDLE_EXECUTABLE_FOLDER_PATH)/ImageFeed";
			};
			name = Debug;
		};
		FE2444FD2EA9E34400760F44 /* Release */ = {
			isa = XCBuildConfiguration;
			buildSettings = {
				BUNDLE_LOADER = "$(TEST_HOST)";
				CODE_SIGN_STYLE = Automatic;
				CURRENT_PROJECT_VERSION = 1;
				DEVELOPMENT_TEAM = 4MJ8BPH6PP;
				GENERATE_INFOPLIST_FILE = YES;
				MARKETING_VERSION = 1.0;
				PRODUCT_BUNDLE_IDENTIFIER = ru.yandex.practicum202531.ImageListTests;
				PRODUCT_NAME = "$(TARGET_NAME)";
				SWIFT_EMIT_LOC_STRINGS = NO;
				SWIFT_VERSION = 5.0;
				TARGETED_DEVICE_FAMILY = "1,2";
				TEST_HOST = "$(BUILT_PRODUCTS_DIR)/ImageFeed.app/$(BUNDLE_EXECUTABLE_FOLDER_PATH)/ImageFeed";
			};
			name = Release;
		};
		FE2445422EA9F9E700760F44 /* Debug */ = {
			isa = XCBuildConfiguration;
			buildSettings = {
				BUNDLE_LOADER = "$(TEST_HOST)";
				CODE_SIGN_STYLE = Automatic;
				CURRENT_PROJECT_VERSION = 1;
				DEVELOPMENT_TEAM = 4MJ8BPH6PP;
				GENERATE_INFOPLIST_FILE = YES;
				MARKETING_VERSION = 1.0;
				PRODUCT_BUNDLE_IDENTIFIER = ru.yandex.practicum202531.ImageListsTests;
				PRODUCT_NAME = "$(TARGET_NAME)";
				SWIFT_EMIT_LOC_STRINGS = NO;
				SWIFT_VERSION = 5.0;
				TARGETED_DEVICE_FAMILY = "1,2";
				TEST_HOST = "$(BUILT_PRODUCTS_DIR)/ImageFeed.app/$(BUNDLE_EXECUTABLE_FOLDER_PATH)/ImageFeed";
			};
			name = Debug;
		};
		FE2445432EA9F9E700760F44 /* Release */ = {
			isa = XCBuildConfiguration;
			buildSettings = {
				BUNDLE_LOADER = "$(TEST_HOST)";
				CODE_SIGN_STYLE = Automatic;
				CURRENT_PROJECT_VERSION = 1;
				DEVELOPMENT_TEAM = 4MJ8BPH6PP;
				GENERATE_INFOPLIST_FILE = YES;
				MARKETING_VERSION = 1.0;
				PRODUCT_BUNDLE_IDENTIFIER = ru.yandex.practicum202531.ImageListsTests;
				PRODUCT_NAME = "$(TARGET_NAME)";
				SWIFT_EMIT_LOC_STRINGS = NO;
				SWIFT_VERSION = 5.0;
				TARGETED_DEVICE_FAMILY = "1,2";
				TEST_HOST = "$(BUILT_PRODUCTS_DIR)/ImageFeed.app/$(BUNDLE_EXECUTABLE_FOLDER_PATH)/ImageFeed";
			};
			name = Release;
		};
		FE2445682EAB2DE000760F44 /* Debug */ = {
			isa = XCBuildConfiguration;
			buildSettings = {
				CODE_SIGN_STYLE = Automatic;
				CURRENT_PROJECT_VERSION = 1;
				DEVELOPMENT_TEAM = 4MJ8BPH6PP;
				GENERATE_INFOPLIST_FILE = YES;
				MARKETING_VERSION = 1.0;
				PRODUCT_BUNDLE_IDENTIFIER = ru.yandex.practicum202531.ImageFeedUITestsTests;
				PRODUCT_NAME = "$(TARGET_NAME)";
				SWIFT_EMIT_LOC_STRINGS = NO;
				SWIFT_VERSION = 5.0;
				TARGETED_DEVICE_FAMILY = "1,2";
				TEST_TARGET_NAME = ImageFeed;
			};
			name = Debug;
		};
		FE2445692EAB2DE000760F44 /* Release */ = {
			isa = XCBuildConfiguration;
			buildSettings = {
				CODE_SIGN_STYLE = Automatic;
				CURRENT_PROJECT_VERSION = 1;
				DEVELOPMENT_TEAM = 4MJ8BPH6PP;
				GENERATE_INFOPLIST_FILE = YES;
				MARKETING_VERSION = 1.0;
				PRODUCT_BUNDLE_IDENTIFIER = ru.yandex.practicum202531.ImageFeedUITestsTests;
				PRODUCT_NAME = "$(TARGET_NAME)";
				SWIFT_EMIT_LOC_STRINGS = NO;
				SWIFT_VERSION = 5.0;
				TARGETED_DEVICE_FAMILY = "1,2";
				TEST_TARGET_NAME = ImageFeed;
			};
			name = Release;
		};
/* End XCBuildConfiguration section */

/* Begin XCConfigurationList section */
		FE1943B42E44F8BB00787614 /* Build configuration list for PBXProject "ImageFeed" */ = {
			isa = XCConfigurationList;
			buildConfigurations = (
				FE1943CF2E44F8BD00787614 /* Debug */,
				FE1943D02E44F8BD00787614 /* Release */,
			);
			defaultConfigurationIsVisible = 0;
			defaultConfigurationName = Release;
		};
		FE1943CC2E44F8BD00787614 /* Build configuration list for PBXNativeTarget "ImageFeed" */ = {
			isa = XCConfigurationList;
			buildConfigurations = (
				FE1943CD2E44F8BD00787614 /* Debug */,
				FE1943CE2E44F8BD00787614 /* Release */,
			);
			defaultConfigurationIsVisible = 0;
			defaultConfigurationName = Release;
		};
		FE24448D2EA8E02300760F44 /* Build configuration list for PBXNativeTarget "ImageFeedTests" */ = {
			isa = XCConfigurationList;
			buildConfigurations = (
				FE24448E2EA8E02300760F44 /* Debug */,
				FE24448F2EA8E02300760F44 /* Release */,
			);
			defaultConfigurationIsVisible = 0;
			defaultConfigurationName = Release;
		};
		FE2444C92EA908F400760F44 /* Build configuration list for PBXNativeTarget "ProfileViewTests" */ = {
			isa = XCConfigurationList;
			buildConfigurations = (
				FE2444C72EA908F400760F44 /* Debug */,
				FE2444C82EA908F400760F44 /* Release */,
			);
			defaultConfigurationIsVisible = 0;
			defaultConfigurationName = Release;
		};
		FE2444FB2EA9E34400760F44 /* Build configuration list for PBXNativeTarget "ImageListTests" */ = {
			isa = XCConfigurationList;
			buildConfigurations = (
				FE2444FC2EA9E34400760F44 /* Debug */,
				FE2444FD2EA9E34400760F44 /* Release */,
			);
			defaultConfigurationIsVisible = 0;
			defaultConfigurationName = Release;
		};
		FE2445442EA9F9E700760F44 /* Build configuration list for PBXNativeTarget "ImageListsTests" */ = {
			isa = XCConfigurationList;
			buildConfigurations = (
				FE2445422EA9F9E700760F44 /* Debug */,
				FE2445432EA9F9E700760F44 /* Release */,
			);
			defaultConfigurationIsVisible = 0;
			defaultConfigurationName = Release;
		};
		FE24456A2EAB2DE000760F44 /* Build configuration list for PBXNativeTarget "ImageFeedUITestsTests" */ = {
			isa = XCConfigurationList;
			buildConfigurations = (
				FE2445682EAB2DE000760F44 /* Debug */,
				FE2445692EAB2DE000760F44 /* Release */,
			);
			defaultConfigurationIsVisible = 0;
			defaultConfigurationName = Release;
		};
/* End XCConfigurationList section */

/* Begin XCRemoteSwiftPackageReference section */
		FE4647E62E813A9A00743159 /* XCRemoteSwiftPackageReference "SwiftKeychainWrapper" */ = {
			isa = XCRemoteSwiftPackageReference;
			repositoryURL = "https://github.com/jrendel/SwiftKeychainWrapper";
			requirement = {
				kind = upToNextMajorVersion;
				minimumVersion = 4.0.1;
			};
		};
		FEC444952E7A962F0059D780 /* XCRemoteSwiftPackageReference "ProgressHUD" */ = {
			isa = XCRemoteSwiftPackageReference;
			repositoryURL = "https://github.com/relatedcode/ProgressHUD";
			requirement = {
				kind = exactVersion;
				version = 14.1.4;
			};
		};
		FEC444A72E7C40770059D780 /* XCRemoteSwiftPackageReference "Kingfisher" */ = {
			isa = XCRemoteSwiftPackageReference;
			repositoryURL = "https://github.com/onevcat/Kingfisher.git";
			requirement = {
				kind = upToNextMajorVersion;
				minimumVersion = 8.5.0;
			};
		};
/* End XCRemoteSwiftPackageReference section */

/* Begin XCSwiftPackageProductDependency section */
		FE4647E72E813A9A00743159 /* SwiftKeychainWrapper */ = {
			isa = XCSwiftPackageProductDependency;
			package = FE4647E62E813A9A00743159 /* XCRemoteSwiftPackageReference "SwiftKeychainWrapper" */;
			productName = SwiftKeychainWrapper;
		};
		FEC444962E7A962F0059D780 /* ProgressHUD */ = {
			isa = XCSwiftPackageProductDependency;
			package = FEC444952E7A962F0059D780 /* XCRemoteSwiftPackageReference "ProgressHUD" */;
			productName = ProgressHUD;
		};
		FEC444A82E7C40770059D780 /* Kingfisher */ = {
			isa = XCSwiftPackageProductDependency;
			package = FEC444A72E7C40770059D780 /* XCRemoteSwiftPackageReference "Kingfisher" */;
			productName = Kingfisher;
		};
/* End XCSwiftPackageProductDependency section */
	};
	rootObject = FE1943B12E44F8BB00787614 /* Project object */;
}
