// !$*UTF8*$!
{
	archiveVersion = 1;
	classes = {
	};
	objectVersion = 77;
	objects = {

/* Begin PBXBuildFile section */
		FE19440B2E4778B300787614 /* AppDelegate.swift in Sources */ = {isa = PBXBuildFile; fileRef = FE1944022E4778B300787614 /* AppDelegate.swift */; };
		FE19440C2E4778B300787614 /* SceneDelegate.swift in Sources */ = {isa = PBXBuildFile; fileRef = FE1944072E4778B300787614 /* SceneDelegate.swift */; };
		FE19440E2E4778B300787614 /* Assets.xcassets in Resources */ = {isa = PBXBuildFile; fileRef = FE1944032E4778B300787614 /* Assets.xcassets */; };
		FE1944102E4778B300787614 /* LaunchScreen.storyboard in Resources */ = {isa = PBXBuildFile; fileRef = FE1944052E4778B300787614 /* LaunchScreen.storyboard */; };
		FE1944112E4778B300787614 /* Main.storyboard in Resources */ = {isa = PBXBuildFile; fileRef = FE1944062E4778B300787614 /* Main.storyboard */; };
		FE345CB12E602C93000D9AB8 /* Constants.swift in Sources */ = {isa = PBXBuildFile; fileRef = FE345CB02E602C8D000D9AB8 /* Constants.swift */; };
		FE345CB42E60691E000D9AB8 /* AuthViewController.swift in Sources */ = {isa = PBXBuildFile; fileRef = FE345CB32E606918000D9AB8 /* AuthViewController.swift */; };
		FE345CB72E606D02000D9AB8 /* WebViewViewController.swift in Sources */ = {isa = PBXBuildFile; fileRef = FE345CB62E606CFC000D9AB8 /* WebViewViewController.swift */; };
		FE345CC12E617025000D9AB8 /* OAuth2Service.swift in Sources */ = {isa = PBXBuildFile; fileRef = FE345CC02E617020000D9AB8 /* OAuth2Service.swift */; };
		FE345CC42E61762C000D9AB8 /* URLSession+Helper.swift in Sources */ = {isa = PBXBuildFile; fileRef = FE345CC32E617628000D9AB8 /* URLSession+Helper.swift */; };
		FE345CC62E61780F000D9AB8 /* NetworkingError.swift in Sources */ = {isa = PBXBuildFile; fileRef = FE345CC52E6177F4000D9AB8 /* NetworkingError.swift */; };
		FE345CCD2E617C22000D9AB8 /* OAuthTokenResponseBody.swift in Sources */ = {isa = PBXBuildFile; fileRef = FE345CCC2E617C10000D9AB8 /* OAuthTokenResponseBody.swift */; };
		FE345CD02E617CEE000D9AB8 /* OAuth2TokenStorage.swift in Sources */ = {isa = PBXBuildFile; fileRef = FE345CCF2E617CDC000D9AB8 /* OAuth2TokenStorage.swift */; };
		FE345CD72E61D83A000D9AB8 /* SplashViewController.swift in Sources */ = {isa = PBXBuildFile; fileRef = FE345CD62E61D837000D9AB8 /* SplashViewController.swift */; };
		FE345CE12E656DEB000D9AB8 /* URLRequest+Method.swift in Sources */ = {isa = PBXBuildFile; fileRef = FE345CE02E656DDF000D9AB8 /* URLRequest+Method.swift */; };
<<<<<<< HEAD
		FE345DF42E6B1F38000D9AB8 /* WebKit.framework in Frameworks */ = {isa = PBXBuildFile; fileRef = FE345DF32E6B1F37000D9AB8 /* WebKit.framework */; };
		FE345DF72E6B21A8000D9AB8 /* NotificationExtensions.swift in Sources */ = {isa = PBXBuildFile; fileRef = FE345DF62E6B2197000D9AB8 /* NotificationExtensions.swift */; };
=======
		FE345CE82E657919000D9AB8 /* WebKit.framework in Frameworks */ = {isa = PBXBuildFile; fileRef = FE345CE72E657919000D9AB8 /* WebKit.framework */; };
>>>>>>> d5e9bcf49a06540daeebccb1100a45df8f5f2041
		FE7468062E4D9E4D00718366 /* ProfileViewController.swift in Sources */ = {isa = PBXBuildFile; fileRef = FE7468052E4D9E3B00718366 /* ProfileViewController.swift */; };
		FE7468202E50BF3D00718366 /* SingleImageViewController.swift in Sources */ = {isa = PBXBuildFile; fileRef = FE74681F2E50BF3600718366 /* SingleImageViewController.swift */; };
/* End PBXBuildFile section */

/* Begin PBXFileReference section */
		FE1943B92E44F8BB00787614 /* ImageFeed.app */ = {isa = PBXFileReference; explicitFileType = wrapper.application; includeInIndex = 0; path = ImageFeed.app; sourceTree = BUILT_PRODUCTS_DIR; };
		FE1944022E4778B300787614 /* AppDelegate.swift */ = {isa = PBXFileReference; lastKnownFileType = sourcecode.swift; path = AppDelegate.swift; sourceTree = "<group>"; };
		FE1944032E4778B300787614 /* Assets.xcassets */ = {isa = PBXFileReference; lastKnownFileType = folder.assetcatalog; path = Assets.xcassets; sourceTree = "<group>"; };
		FE1944042E4778B300787614 /* Info.plist */ = {isa = PBXFileReference; lastKnownFileType = text.plist.xml; path = Info.plist; sourceTree = "<group>"; };
		FE1944072E4778B300787614 /* SceneDelegate.swift */ = {isa = PBXFileReference; lastKnownFileType = sourcecode.swift; path = SceneDelegate.swift; sourceTree = "<group>"; };
		FE1944092E4778B300787614 /* Base */ = {isa = PBXFileReference; lastKnownFileType = file.storyboard; name = Base; path = Base.lproj/Main.storyboard; sourceTree = "<group>"; };
		FE19440A2E4778B300787614 /* Base */ = {isa = PBXFileReference; lastKnownFileType = file.storyboard; name = Base; path = Base.lproj/LaunchScreen.storyboard; sourceTree = "<group>"; };
		FE345CB02E602C8D000D9AB8 /* Constants.swift */ = {isa = PBXFileReference; lastKnownFileType = sourcecode.swift; path = Constants.swift; sourceTree = "<group>"; };
		FE345CB32E606918000D9AB8 /* AuthViewController.swift */ = {isa = PBXFileReference; lastKnownFileType = sourcecode.swift; path = AuthViewController.swift; sourceTree = "<group>"; };
		FE345CB62E606CFC000D9AB8 /* WebViewViewController.swift */ = {isa = PBXFileReference; lastKnownFileType = sourcecode.swift; path = WebViewViewController.swift; sourceTree = "<group>"; };
		FE345CC02E617020000D9AB8 /* OAuth2Service.swift */ = {isa = PBXFileReference; lastKnownFileType = sourcecode.swift; path = OAuth2Service.swift; sourceTree = "<group>"; };
		FE345CC32E617628000D9AB8 /* URLSession+Helper.swift */ = {isa = PBXFileReference; lastKnownFileType = sourcecode.swift; path = "URLSession+Helper.swift"; sourceTree = "<group>"; };
		FE345CC52E6177F4000D9AB8 /* NetworkingError.swift */ = {isa = PBXFileReference; lastKnownFileType = sourcecode.swift; path = NetworkingError.swift; sourceTree = "<group>"; };
		FE345CCC2E617C10000D9AB8 /* OAuthTokenResponseBody.swift */ = {isa = PBXFileReference; lastKnownFileType = sourcecode.swift; path = OAuthTokenResponseBody.swift; sourceTree = "<group>"; };
		FE345CCF2E617CDC000D9AB8 /* OAuth2TokenStorage.swift */ = {isa = PBXFileReference; lastKnownFileType = sourcecode.swift; path = OAuth2TokenStorage.swift; sourceTree = "<group>"; };
		FE345CD62E61D837000D9AB8 /* SplashViewController.swift */ = {isa = PBXFileReference; lastKnownFileType = sourcecode.swift; path = SplashViewController.swift; sourceTree = "<group>"; };
		FE345CE02E656DDF000D9AB8 /* URLRequest+Method.swift */ = {isa = PBXFileReference; lastKnownFileType = sourcecode.swift; path = "URLRequest+Method.swift"; sourceTree = "<group>"; };
<<<<<<< HEAD
		FE345DF32E6B1F37000D9AB8 /* WebKit.framework */ = {isa = PBXFileReference; lastKnownFileType = wrapper.framework; name = WebKit.framework; path = System/Library/Frameworks/WebKit.framework; sourceTree = SDKROOT; };
		FE345DF62E6B2197000D9AB8 /* NotificationExtensions.swift */ = {isa = PBXFileReference; lastKnownFileType = sourcecode.swift; path = NotificationExtensions.swift; sourceTree = "<group>"; };
=======
		FE345CE72E657919000D9AB8 /* WebKit.framework */ = {isa = PBXFileReference; lastKnownFileType = wrapper.framework; name = WebKit.framework; path = System/Library/Frameworks/WebKit.framework; sourceTree = SDKROOT; };
>>>>>>> d5e9bcf49a06540daeebccb1100a45df8f5f2041
		FE7468052E4D9E3B00718366 /* ProfileViewController.swift */ = {isa = PBXFileReference; lastKnownFileType = sourcecode.swift; path = ProfileViewController.swift; sourceTree = "<group>"; };
		FE74681F2E50BF3600718366 /* SingleImageViewController.swift */ = {isa = PBXFileReference; lastKnownFileType = sourcecode.swift; path = SingleImageViewController.swift; sourceTree = "<group>"; };
/* End PBXFileReference section */

/* Begin PBXFileSystemSynchronizedRootGroup section */
		FE1943BB2E44F8BB00787614 /* ImagesList */ = {
			isa = PBXFileSystemSynchronizedRootGroup;
			path = ImagesList;
			sourceTree = "<group>";
		};
/* End PBXFileSystemSynchronizedRootGroup section */

/* Begin PBXFrameworksBuildPhase section */
		FE1943B62E44F8BB00787614 /* Frameworks */ = {
			isa = PBXFrameworksBuildPhase;
			buildActionMask = 2147483647;
			files = (
<<<<<<< HEAD
				FE345DF42E6B1F38000D9AB8 /* WebKit.framework in Frameworks */,
=======
				FE345CE82E657919000D9AB8 /* WebKit.framework in Frameworks */,
>>>>>>> d5e9bcf49a06540daeebccb1100a45df8f5f2041
			);
			runOnlyForDeploymentPostprocessing = 0;
		};
/* End PBXFrameworksBuildPhase section */

/* Begin PBXGroup section */
		FE1943B02E44F8BB00787614 = {
			isa = PBXGroup;
			children = (
				FE1944142E47892800787614 /* ImageFeed */,
<<<<<<< HEAD
				FE345DF22E6B1F37000D9AB8 /* Frameworks */,
=======
				FE345CE62E657918000D9AB8 /* Frameworks */,
>>>>>>> d5e9bcf49a06540daeebccb1100a45df8f5f2041
				FE1943BA2E44F8BB00787614 /* Products */,
			);
			sourceTree = "<group>";
		};
		FE1943BA2E44F8BB00787614 /* Products */ = {
			isa = PBXGroup;
			children = (
				FE1943B92E44F8BB00787614 /* ImageFeed.app */,
			);
			name = Products;
			sourceTree = "<group>";
		};
		FE1944142E47892800787614 /* ImageFeed */ = {
			isa = PBXGroup;
			children = (
				FE345DF52E6B218D000D9AB8 /* Extensions */,
				FE345CB02E602C8D000D9AB8 /* Constants.swift */,
				FE1944072E4778B300787614 /* SceneDelegate.swift */,
				FE1944022E4778B300787614 /* AppDelegate.swift */,
				FE1944052E4778B300787614 /* LaunchScreen.storyboard */,
				FE1944062E4778B300787614 /* Main.storyboard */,
				FE1944032E4778B300787614 /* Assets.xcassets */,
				FE1944042E4778B300787614 /* Info.plist */,
				FE345CCE2E617CC4000D9AB8 /* Services */,
				FE345CCB2E617C00000D9AB8 /* Models */,
				FE345CC22E6175CC000D9AB8 /* NetWorking */,
				FE7468032E4D9DE200718366 /* ViewControllers */,
			);
			path = ImageFeed;
			sourceTree = "<group>";
		};
		FE345CB22E606901000D9AB8 /* Auth */ = {
			isa = PBXGroup;
			children = (
				FE345CB62E606CFC000D9AB8 /* WebViewViewController.swift */,
				FE345CB32E606918000D9AB8 /* AuthViewController.swift */,
			);
			path = Auth;
			sourceTree = "<group>";
		};
		FE345CC22E6175CC000D9AB8 /* NetWorking */ = {
			isa = PBXGroup;
			children = (
				FE345CE02E656DDF000D9AB8 /* URLRequest+Method.swift */,
				FE345CC52E6177F4000D9AB8 /* NetworkingError.swift */,
				FE345CC02E617020000D9AB8 /* OAuth2Service.swift */,
				FE345CC32E617628000D9AB8 /* URLSession+Helper.swift */,
			);
			path = NetWorking;
			sourceTree = "<group>";
		};
		FE345CCB2E617C00000D9AB8 /* Models */ = {
			isa = PBXGroup;
			children = (
				FE345CCC2E617C10000D9AB8 /* OAuthTokenResponseBody.swift */,
			);
			path = Models;
			sourceTree = "<group>";
		};
		FE345CCE2E617CC4000D9AB8 /* Services */ = {
			isa = PBXGroup;
			children = (
				FE345CCF2E617CDC000D9AB8 /* OAuth2TokenStorage.swift */,
			);
			path = Services;
			sourceTree = "<group>";
		};
		FE345CD52E61D82A000D9AB8 /* SplashViewController */ = {
			isa = PBXGroup;
			children = (
				FE345CD62E61D837000D9AB8 /* SplashViewController.swift */,
			);
			path = SplashViewController;
			sourceTree = "<group>";
		};
<<<<<<< HEAD
		FE345DF22E6B1F37000D9AB8 /* Frameworks */ = {
			isa = PBXGroup;
			children = (
				FE345DF32E6B1F37000D9AB8 /* WebKit.framework */,
=======
		FE345CE62E657918000D9AB8 /* Frameworks */ = {
			isa = PBXGroup;
			children = (
				FE345CE72E657919000D9AB8 /* WebKit.framework */,
>>>>>>> d5e9bcf49a06540daeebccb1100a45df8f5f2041
			);
			name = Frameworks;
			sourceTree = "<group>";
		};
<<<<<<< HEAD
		FE345DF52E6B218D000D9AB8 /* Extensions */ = {
			isa = PBXGroup;
			children = (
				FE345DF62E6B2197000D9AB8 /* NotificationExtensions.swift */,
			);
			path = Extensions;
			sourceTree = "<group>";
		};
=======
>>>>>>> d5e9bcf49a06540daeebccb1100a45df8f5f2041
		FE7468032E4D9DE200718366 /* ViewControllers */ = {
			isa = PBXGroup;
			children = (
				FE345CD52E61D82A000D9AB8 /* SplashViewController */,
				FE345CB22E606901000D9AB8 /* Auth */,
				FE7468212E50C3DF00718366 /* SingleImageView */,
				FE7468042E4D9E0700718366 /* Profile */,
				FE1943BB2E44F8BB00787614 /* ImagesList */,
			);
			path = ViewControllers;
			sourceTree = "<group>";
		};
		FE7468042E4D9E0700718366 /* Profile */ = {
			isa = PBXGroup;
			children = (
				FE7468052E4D9E3B00718366 /* ProfileViewController.swift */,
			);
			path = Profile;
			sourceTree = "<group>";
		};
		FE7468212E50C3DF00718366 /* SingleImageView */ = {
			isa = PBXGroup;
			children = (
				FE74681F2E50BF3600718366 /* SingleImageViewController.swift */,
			);
			path = SingleImageView;
			sourceTree = "<group>";
		};
/* End PBXGroup section */

/* Begin PBXNativeTarget section */
		FE1943B82E44F8BB00787614 /* ImageFeed */ = {
			isa = PBXNativeTarget;
			buildConfigurationList = FE1943CC2E44F8BD00787614 /* Build configuration list for PBXNativeTarget "ImageFeed" */;
			buildPhases = (
				FE1943B52E44F8BB00787614 /* Sources */,
				FE1943B62E44F8BB00787614 /* Frameworks */,
				FE1943B72E44F8BB00787614 /* Resources */,
			);
			buildRules = (
			);
			dependencies = (
			);
			fileSystemSynchronizedGroups = (
				FE1943BB2E44F8BB00787614 /* ImagesList */,
			);
			name = ImageFeed;
			packageProductDependencies = (
			);
			productName = ImageFeed;
			productReference = FE1943B92E44F8BB00787614 /* ImageFeed.app */;
			productType = "com.apple.product-type.application";
		};
/* End PBXNativeTarget section */

/* Begin PBXProject section */
		FE1943B12E44F8BB00787614 /* Project object */ = {
			isa = PBXProject;
			attributes = {
				BuildIndependentTargetsInParallel = 1;
				LastSwiftUpdateCheck = 1610;
				LastUpgradeCheck = 1610;
				TargetAttributes = {
					FE1943B82E44F8BB00787614 = {
						CreatedOnToolsVersion = 16.1;
					};
				};
			};
			buildConfigurationList = FE1943B42E44F8BB00787614 /* Build configuration list for PBXProject "ImageFeed" */;
			developmentRegion = en;
			hasScannedForEncodings = 0;
			knownRegions = (
				en,
				Base,
			);
			mainGroup = FE1943B02E44F8BB00787614;
			minimizedProjectReferenceProxies = 1;
			preferredProjectObjectVersion = 77;
			productRefGroup = FE1943BA2E44F8BB00787614 /* Products */;
			projectDirPath = "";
			projectRoot = "";
			targets = (
				FE1943B82E44F8BB00787614 /* ImageFeed */,
			);
		};
/* End PBXProject section */

/* Begin PBXResourcesBuildPhase section */
		FE1943B72E44F8BB00787614 /* Resources */ = {
			isa = PBXResourcesBuildPhase;
			buildActionMask = 2147483647;
			files = (
				FE19440E2E4778B300787614 /* Assets.xcassets in Resources */,
				FE1944102E4778B300787614 /* LaunchScreen.storyboard in Resources */,
				FE1944112E4778B300787614 /* Main.storyboard in Resources */,
			);
			runOnlyForDeploymentPostprocessing = 0;
		};
/* End PBXResourcesBuildPhase section */

/* Begin PBXSourcesBuildPhase section */
		FE1943B52E44F8BB00787614 /* Sources */ = {
			isa = PBXSourcesBuildPhase;
			buildActionMask = 2147483647;
			files = (
				FE19440B2E4778B300787614 /* AppDelegate.swift in Sources */,
				FE7468062E4D9E4D00718366 /* ProfileViewController.swift in Sources */,
				FE345CB42E60691E000D9AB8 /* AuthViewController.swift in Sources */,
<<<<<<< HEAD
				FE345DF72E6B21A8000D9AB8 /* NotificationExtensions.swift in Sources */,
=======
>>>>>>> d5e9bcf49a06540daeebccb1100a45df8f5f2041
				FE345CC42E61762C000D9AB8 /* URLSession+Helper.swift in Sources */,
				FE345CB12E602C93000D9AB8 /* Constants.swift in Sources */,
				FE345CCD2E617C22000D9AB8 /* OAuthTokenResponseBody.swift in Sources */,
				FE345CD02E617CEE000D9AB8 /* OAuth2TokenStorage.swift in Sources */,
				FE345CD72E61D83A000D9AB8 /* SplashViewController.swift in Sources */,
				FE19440C2E4778B300787614 /* SceneDelegate.swift in Sources */,
				FE345CB72E606D02000D9AB8 /* WebViewViewController.swift in Sources */,
				FE345CE12E656DEB000D9AB8 /* URLRequest+Method.swift in Sources */,
				FE345CC12E617025000D9AB8 /* OAuth2Service.swift in Sources */,
				FE345CC62E61780F000D9AB8 /* NetworkingError.swift in Sources */,
				FE7468202E50BF3D00718366 /* SingleImageViewController.swift in Sources */,
			);
			runOnlyForDeploymentPostprocessing = 0;
		};
/* End PBXSourcesBuildPhase section */

/* Begin PBXVariantGroup section */
		FE1944052E4778B300787614 /* LaunchScreen.storyboard */ = {
			isa = PBXVariantGroup;
			children = (
				FE19440A2E4778B300787614 /* Base */,
			);
			name = LaunchScreen.storyboard;
			sourceTree = "<group>";
		};
		FE1944062E4778B300787614 /* Main.storyboard */ = {
			isa = PBXVariantGroup;
			children = (
				FE1944092E4778B300787614 /* Base */,
			);
			name = Main.storyboard;
			sourceTree = "<group>";
		};
/* End PBXVariantGroup section */

/* Begin XCBuildConfiguration section */
		FE1943CD2E44F8BD00787614 /* Debug */ = {
			isa = XCBuildConfiguration;
			buildSettings = {
				ASSETCATALOG_COMPILER_APPICON_NAME = AppIcon;
				ASSETCATALOG_COMPILER_GLOBAL_ACCENT_COLOR_NAME = AccentColor;
				CODE_SIGN_STYLE = Automatic;
				CURRENT_PROJECT_VERSION = 1;
				DEVELOPMENT_TEAM = 4MJ8BPH6PP;
				GENERATE_INFOPLIST_FILE = YES;
				INFOPLIST_FILE = ImageFeed/Info.plist;
				INFOPLIST_KEY_UIApplicationSupportsIndirectInputEvents = YES;
				INFOPLIST_KEY_UILaunchStoryboardName = LaunchScreen;
				INFOPLIST_KEY_UIMainStoryboardFile = Main;
				INFOPLIST_KEY_UISupportedInterfaceOrientations_iPad = "UIInterfaceOrientationPortrait UIInterfaceOrientationPortraitUpsideDown UIInterfaceOrientationLandscapeLeft UIInterfaceOrientationLandscapeRight";
				INFOPLIST_KEY_UISupportedInterfaceOrientations_iPhone = UIInterfaceOrientationPortrait;
				IPHONEOS_DEPLOYMENT_TARGET = 13.0;
				LD_RUNPATH_SEARCH_PATHS = (
					"$(inherited)",
					"@executable_path/Frameworks",
				);
				MARKETING_VERSION = 1.0;
				PRODUCT_BUNDLE_IDENTIFIER = ru.yandex.practicum2025.ImageFeed;
				PRODUCT_NAME = "$(TARGET_NAME)";
				SUPPORTED_PLATFORMS = "iphoneos iphonesimulator";
				SUPPORTS_MACCATALYST = NO;
				SWIFT_EMIT_LOC_STRINGS = YES;
				SWIFT_VERSION = 5.0;
				TARGETED_DEVICE_FAMILY = 1;
			};
			name = Debug;
		};
		FE1943CE2E44F8BD00787614 /* Release */ = {
			isa = XCBuildConfiguration;
			buildSettings = {
				ASSETCATALOG_COMPILER_APPICON_NAME = AppIcon;
				ASSETCATALOG_COMPILER_GLOBAL_ACCENT_COLOR_NAME = AccentColor;
				CODE_SIGN_STYLE = Automatic;
				CURRENT_PROJECT_VERSION = 1;
				DEVELOPMENT_TEAM = 4MJ8BPH6PP;
				GENERATE_INFOPLIST_FILE = YES;
				INFOPLIST_FILE = ImageFeed/Info.plist;
				INFOPLIST_KEY_UIApplicationSupportsIndirectInputEvents = YES;
				INFOPLIST_KEY_UILaunchStoryboardName = LaunchScreen;
				INFOPLIST_KEY_UIMainStoryboardFile = Main;
				INFOPLIST_KEY_UISupportedInterfaceOrientations_iPad = "UIInterfaceOrientationPortrait UIInterfaceOrientationPortraitUpsideDown UIInterfaceOrientationLandscapeLeft UIInterfaceOrientationLandscapeRight";
				INFOPLIST_KEY_UISupportedInterfaceOrientations_iPhone = UIInterfaceOrientationPortrait;
				IPHONEOS_DEPLOYMENT_TARGET = 13.0;
				LD_RUNPATH_SEARCH_PATHS = (
					"$(inherited)",
					"@executable_path/Frameworks",
				);
				MARKETING_VERSION = 1.0;
				PRODUCT_BUNDLE_IDENTIFIER = ru.yandex.practicum2025.ImageFeed;
				PRODUCT_NAME = "$(TARGET_NAME)";
				SUPPORTED_PLATFORMS = "iphoneos iphonesimulator";
				SUPPORTS_MACCATALYST = NO;
				SWIFT_EMIT_LOC_STRINGS = YES;
				SWIFT_VERSION = 5.0;
				TARGETED_DEVICE_FAMILY = 1;
			};
			name = Release;
		};
		FE1943CF2E44F8BD00787614 /* Debug */ = {
			isa = XCBuildConfiguration;
			buildSettings = {
				ALWAYS_SEARCH_USER_PATHS = NO;
				ASSETCATALOG_COMPILER_GENERATE_SWIFT_ASSET_SYMBOL_EXTENSIONS = YES;
				CLANG_ANALYZER_NONNULL = YES;
				CLANG_ANALYZER_NUMBER_OBJECT_CONVERSION = YES_AGGRESSIVE;
				CLANG_CXX_LANGUAGE_STANDARD = "gnu++20";
				CLANG_ENABLE_MODULES = YES;
				CLANG_ENABLE_OBJC_ARC = YES;
				CLANG_ENABLE_OBJC_WEAK = YES;
				CLANG_WARN_BLOCK_CAPTURE_AUTORELEASING = YES;
				CLANG_WARN_BOOL_CONVERSION = YES;
				CLANG_WARN_COMMA = YES;
				CLANG_WARN_CONSTANT_CONVERSION = YES;
				CLANG_WARN_DEPRECATED_OBJC_IMPLEMENTATIONS = YES;
				CLANG_WARN_DIRECT_OBJC_ISA_USAGE = YES_ERROR;
				CLANG_WARN_DOCUMENTATION_COMMENTS = YES;
				CLANG_WARN_EMPTY_BODY = YES;
				CLANG_WARN_ENUM_CONVERSION = YES;
				CLANG_WARN_INFINITE_RECURSION = YES;
				CLANG_WARN_INT_CONVERSION = YES;
				CLANG_WARN_NON_LITERAL_NULL_CONVERSION = YES;
				CLANG_WARN_OBJC_IMPLICIT_RETAIN_SELF = YES;
				CLANG_WARN_OBJC_LITERAL_CONVERSION = YES;
				CLANG_WARN_OBJC_ROOT_CLASS = YES_ERROR;
				CLANG_WARN_QUOTED_INCLUDE_IN_FRAMEWORK_HEADER = YES;
				CLANG_WARN_RANGE_LOOP_ANALYSIS = YES;
				CLANG_WARN_STRICT_PROTOTYPES = YES;
				CLANG_WARN_SUSPICIOUS_MOVE = YES;
				CLANG_WARN_UNGUARDED_AVAILABILITY = YES_AGGRESSIVE;
				CLANG_WARN_UNREACHABLE_CODE = YES;
				CLANG_WARN__DUPLICATE_METHOD_MATCH = YES;
				COPY_PHASE_STRIP = NO;
				DEBUG_INFORMATION_FORMAT = dwarf;
				ENABLE_STRICT_OBJC_MSGSEND = YES;
				ENABLE_TESTABILITY = YES;
				ENABLE_USER_SCRIPT_SANDBOXING = YES;
				GCC_C_LANGUAGE_STANDARD = gnu17;
				GCC_DYNAMIC_NO_PIC = NO;
				GCC_NO_COMMON_BLOCKS = YES;
				GCC_OPTIMIZATION_LEVEL = 0;
				GCC_PREPROCESSOR_DEFINITIONS = (
					"DEBUG=1",
					"$(inherited)",
				);
				GCC_WARN_64_TO_32_BIT_CONVERSION = YES;
				GCC_WARN_ABOUT_RETURN_TYPE = YES_ERROR;
				GCC_WARN_UNDECLARED_SELECTOR = YES;
				GCC_WARN_UNINITIALIZED_AUTOS = YES_AGGRESSIVE;
				GCC_WARN_UNUSED_FUNCTION = YES;
				GCC_WARN_UNUSED_VARIABLE = YES;
				IPHONEOS_DEPLOYMENT_TARGET = 18.1;
				LOCALIZATION_PREFERS_STRING_CATALOGS = YES;
				MTL_ENABLE_DEBUG_INFO = INCLUDE_SOURCE;
				MTL_FAST_MATH = YES;
				ONLY_ACTIVE_ARCH = YES;
				SDKROOT = iphoneos;
				SWIFT_ACTIVE_COMPILATION_CONDITIONS = "DEBUG $(inherited)";
				SWIFT_OPTIMIZATION_LEVEL = "-Onone";
			};
			name = Debug;
		};
		FE1943D02E44F8BD00787614 /* Release */ = {
			isa = XCBuildConfiguration;
			buildSettings = {
				ALWAYS_SEARCH_USER_PATHS = NO;
				ASSETCATALOG_COMPILER_GENERATE_SWIFT_ASSET_SYMBOL_EXTENSIONS = YES;
				CLANG_ANALYZER_NONNULL = YES;
				CLANG_ANALYZER_NUMBER_OBJECT_CONVERSION = YES_AGGRESSIVE;
				CLANG_CXX_LANGUAGE_STANDARD = "gnu++20";
				CLANG_ENABLE_MODULES = YES;
				CLANG_ENABLE_OBJC_ARC = YES;
				CLANG_ENABLE_OBJC_WEAK = YES;
				CLANG_WARN_BLOCK_CAPTURE_AUTORELEASING = YES;
				CLANG_WARN_BOOL_CONVERSION = YES;
				CLANG_WARN_COMMA = YES;
				CLANG_WARN_CONSTANT_CONVERSION = YES;
				CLANG_WARN_DEPRECATED_OBJC_IMPLEMENTATIONS = YES;
				CLANG_WARN_DIRECT_OBJC_ISA_USAGE = YES_ERROR;
				CLANG_WARN_DOCUMENTATION_COMMENTS = YES;
				CLANG_WARN_EMPTY_BODY = YES;
				CLANG_WARN_ENUM_CONVERSION = YES;
				CLANG_WARN_INFINITE_RECURSION = YES;
				CLANG_WARN_INT_CONVERSION = YES;
				CLANG_WARN_NON_LITERAL_NULL_CONVERSION = YES;
				CLANG_WARN_OBJC_IMPLICIT_RETAIN_SELF = YES;
				CLANG_WARN_OBJC_LITERAL_CONVERSION = YES;
				CLANG_WARN_OBJC_ROOT_CLASS = YES_ERROR;
				CLANG_WARN_QUOTED_INCLUDE_IN_FRAMEWORK_HEADER = YES;
				CLANG_WARN_RANGE_LOOP_ANALYSIS = YES;
				CLANG_WARN_STRICT_PROTOTYPES = YES;
				CLANG_WARN_SUSPICIOUS_MOVE = YES;
				CLANG_WARN_UNGUARDED_AVAILABILITY = YES_AGGRESSIVE;
				CLANG_WARN_UNREACHABLE_CODE = YES;
				CLANG_WARN__DUPLICATE_METHOD_MATCH = YES;
				COPY_PHASE_STRIP = NO;
				DEBUG_INFORMATION_FORMAT = "dwarf-with-dsym";
				ENABLE_NS_ASSERTIONS = NO;
				ENABLE_STRICT_OBJC_MSGSEND = YES;
				ENABLE_USER_SCRIPT_SANDBOXING = YES;
				GCC_C_LANGUAGE_STANDARD = gnu17;
				GCC_NO_COMMON_BLOCKS = YES;
				GCC_WARN_64_TO_32_BIT_CONVERSION = YES;
				GCC_WARN_ABOUT_RETURN_TYPE = YES_ERROR;
				GCC_WARN_UNDECLARED_SELECTOR = YES;
				GCC_WARN_UNINITIALIZED_AUTOS = YES_AGGRESSIVE;
				GCC_WARN_UNUSED_FUNCTION = YES;
				GCC_WARN_UNUSED_VARIABLE = YES;
				IPHONEOS_DEPLOYMENT_TARGET = 18.1;
				LOCALIZATION_PREFERS_STRING_CATALOGS = YES;
				MTL_ENABLE_DEBUG_INFO = NO;
				MTL_FAST_MATH = YES;
				SDKROOT = iphoneos;
				SWIFT_COMPILATION_MODE = wholemodule;
				VALIDATE_PRODUCT = YES;
			};
			name = Release;
		};
/* End XCBuildConfiguration section */

/* Begin XCConfigurationList section */
		FE1943B42E44F8BB00787614 /* Build configuration list for PBXProject "ImageFeed" */ = {
			isa = XCConfigurationList;
			buildConfigurations = (
				FE1943CF2E44F8BD00787614 /* Debug */,
				FE1943D02E44F8BD00787614 /* Release */,
			);
			defaultConfigurationIsVisible = 0;
			defaultConfigurationName = Release;
		};
		FE1943CC2E44F8BD00787614 /* Build configuration list for PBXNativeTarget "ImageFeed" */ = {
			isa = XCConfigurationList;
			buildConfigurations = (
				FE1943CD2E44F8BD00787614 /* Debug */,
				FE1943CE2E44F8BD00787614 /* Release */,
			);
			defaultConfigurationIsVisible = 0;
			defaultConfigurationName = Release;
		};
/* End XCConfigurationList section */
	};
	rootObject = FE1943B12E44F8BB00787614 /* Project object */;
}
